PODS:
  - IVCollectionKit (1.0.0)
  - RxBlocking (6.2.0):
    - RxSwift (= 6.2.0)
  - RxCocoa (6.2.0):
    - RxRelay (= 6.2.0)
    - RxSwift (= 6.2.0)
  - RxRelay (6.2.0):
    - RxSwift (= 6.2.0)
  - RxSwift (6.2.0)
  - RxSwiftExt (6.0.1):
    - RxSwiftExt/Core (= 6.0.1)
    - RxSwiftExt/RxCocoa (= 6.0.1)
  - RxSwiftExt/Core (6.0.1):
    - RxSwift (~> 6.0)
  - RxSwiftExt/RxCocoa (6.0.1):
    - RxCocoa (~> 6.0)
    - RxSwiftExt/Core
  - RxTest (6.2.0):
    - RxSwift (= 6.2.0)
  - SnapKit (5.0.1)

DEPENDENCIES:
  - IVCollectionKit
  - RxBlocking
  - RxCocoa
  - RxSwift
  - RxSwiftExt
  - RxTest
  - SnapKit

SPEC REPOS:
  trunk:
    - IVCollectionKit
    - RxBlocking
    - RxCocoa
    - RxRelay
    - RxSwift
    - RxSwiftExt
    - RxTest
    - SnapKit

SPEC CHECKSUMS:
  IVCollectionKit: 3ac2e04b709700927327139f0e416988c8bbfbb0
  RxBlocking: 0b29f7d2079109a8de49c411381bed7c33ef1eeb
  RxCocoa: 4baf94bb35f2c0ab31bc0cb9f1900155f646ba42
  RxRelay: e72dbfd157807478401ef1982e1c61c945c94b2f
  RxSwift: d356ab7bee873611322f134c5f9ef379fa183d8f
  RxSwiftExt: d61c4b9b06e0a448041b1c659e0f1b5c5a035afc
  RxTest: 0c692fa672b694373ba86d2b00033595297a2831
  SnapKit: 97b92857e3df3a0c71833cce143274bf6ef8e5eb

PODFILE CHECKSUM: b9450fee541c90c06c853d97e0be4ac6283c10f3

COCOAPODS: 1.10.1
