// !$*UTF8*$!
{
	archiveVersion = 1;
	classes = {
	};
	objectVersion = 52;
	objects = {

/* Begin PBXBuildFile section */
		D698B56725C32E05004BAFF6 /* SceneDelegate.swift in Sources */ = {isa = PBXBuildFile; fileRef = D698B56625C32E05004BAFF6 /* SceneDelegate.swift */; };
		D698B56C25C32E05004BAFF6 /* Main.storyboard in Resources */ = {isa = PBXBuildFile; fileRef = D698B56A25C32E05004BAFF6 /* Main.storyboard */; };
		D698B56E25C32E13004BAFF6 /* Assets.xcassets in Resources */ = {isa = PBXBuildFile; fileRef = D698B56D25C32E13004BAFF6 /* Assets.xcassets */; };
		D698B57125C32E13004BAFF6 /* LaunchScreen.storyboard in Resources */ = {isa = PBXBuildFile; fileRef = D698B56F25C32E13004BAFF6 /* LaunchScreen.storyboard */; };
		D6A8FD4925CA95B3003B3412 /* AppCoordinator.swift in Sources */ = {isa = PBXBuildFile; fileRef = D6A8FD4725CA95B3003B3412 /* AppCoordinator.swift */; };
		D6A8FD4A25CA95B3003B3412 /* AppDelegate.swift in Sources */ = {isa = PBXBuildFile; fileRef = D6A8FD4825CA95B3003B3412 /* AppDelegate.swift */; };
		D6A8FD5725CA964F003B3412 /* CodeTextField.swift in Sources */ = {isa = PBXBuildFile; fileRef = D6A8FD5325CA964F003B3412 /* CodeTextField.swift */; };
		D6A8FD5825CA9650003B3412 /* Color.swift in Sources */ = {isa = PBXBuildFile; fileRef = D6A8FD5425CA964F003B3412 /* Color.swift */; };
		D6A8FD5925CA9650003B3412 /* Font.swift in Sources */ = {isa = PBXBuildFile; fileRef = D6A8FD5525CA964F003B3412 /* Font.swift */; };
		D6A8FD5A25CA9650003B3412 /* BaseViewController.swift in Sources */ = {isa = PBXBuildFile; fileRef = D6A8FD5625CA964F003B3412 /* BaseViewController.swift */; };
		D6A8FD5E25CA9658003B3412 /* AccountManager.swift in Sources */ = {isa = PBXBuildFile; fileRef = D6A8FD5C25CA9658003B3412 /* AccountManager.swift */; };
		D6A8FD5F25CA9658003B3412 /* Coordinator.swift in Sources */ = {isa = PBXBuildFile; fileRef = D6A8FD5D25CA9658003B3412 /* Coordinator.swift */; };
		D6A8FD7125CA9774003B3412 /* RxSwiftExt in Frameworks */ = {isa = PBXBuildFile; productRef = D6A8FD7025CA9774003B3412 /* RxSwiftExt */; };
		D6A8FD7825CA981D003B3412 /* AuthCoordinator.swift in Sources */ = {isa = PBXBuildFile; fileRef = D6A8FD7325CA981C003B3412 /* AuthCoordinator.swift */; };
		D6A8FD7925CA981D003B3412 /* ConfirmCodeViewModel.swift in Sources */ = {isa = PBXBuildFile; fileRef = D6A8FD7425CA981D003B3412 /* ConfirmCodeViewModel.swift */; };
		D6A8FD7A25CA981D003B3412 /* ConfirmCodeViewController.swift in Sources */ = {isa = PBXBuildFile; fileRef = D6A8FD7525CA981D003B3412 /* ConfirmCodeViewController.swift */; };
		D6A8FD7B25CA981D003B3412 /* LoginViewModel.swift in Sources */ = {isa = PBXBuildFile; fileRef = D6A8FD7625CA981D003B3412 /* LoginViewModel.swift */; };
		D6A8FD7C25CA981D003B3412 /* LoginViewController.swift in Sources */ = {isa = PBXBuildFile; fileRef = D6A8FD7725CA981D003B3412 /* LoginViewController.swift */; };
		D6A8FD8225CA98C1003B3412 /* AuthService.swift in Sources */ = {isa = PBXBuildFile; fileRef = D6A8FD8125CA98C1003B3412 /* AuthService.swift */; };
		D6A8FDB125CADA2B003B3412 /* ConfirmCodeCoordinator.swift in Sources */ = {isa = PBXBuildFile; fileRef = D6A8FDB025CADA2B003B3412 /* ConfirmCodeCoordinator.swift */; };
		D6A8FDB525CADDE8003B3412 /* PhoneTextField.swift in Sources */ = {isa = PBXBuildFile; fileRef = D6A8FDB425CADDE8003B3412 /* PhoneTextField.swift */; };
		D6A8FDB925CAE279003B3412 /* PersonalDataViewController.swift in Sources */ = {isa = PBXBuildFile; fileRef = D6A8FDB825CAE279003B3412 /* PersonalDataViewController.swift */; };
		D6B1E37325E706440066C248 /* LoginSampleTests.swift in Sources */ = {isa = PBXBuildFile; fileRef = D6B1E37225E706440066C248 /* LoginSampleTests.swift */; };
		D6B1E37D25E706540066C248 /* PinTypeTests.swift in Sources */ = {isa = PBXBuildFile; fileRef = D6B1E37C25E706540066C248 /* PinTypeTests.swift */; };
		D6D5B124260A0F3A00AE6A04 /* ConfirmCodeViewModelTests.swift in Sources */ = {isa = PBXBuildFile; fileRef = D6D5B123260A0F3A00AE6A04 /* ConfirmCodeViewModelTests.swift */; };
/* End PBXBuildFile section */

/* Begin PBXContainerItemProxy section */
		D6B1E37525E706440066C248 /* PBXContainerItemProxy */ = {
			isa = PBXContainerItemProxy;
			containerPortal = D698B55925C32E05004BAFF6 /* Project object */;
			proxyType = 1;
			remoteGlobalIDString = D698B56025C32E05004BAFF6;
			remoteInfo = LoginSample;
		};
/* End PBXContainerItemProxy section */

/* Begin PBXFileReference section */
		D698B56125C32E05004BAFF6 /* LoginSample.app */ = {isa = PBXFileReference; explicitFileType = wrapper.application; includeInIndex = 0; path = LoginSample.app; sourceTree = BUILT_PRODUCTS_DIR; };
		D698B56625C32E05004BAFF6 /* SceneDelegate.swift */ = {isa = PBXFileReference; lastKnownFileType = sourcecode.swift; path = SceneDelegate.swift; sourceTree = "<group>"; };
		D698B56B25C32E05004BAFF6 /* Base */ = {isa = PBXFileReference; lastKnownFileType = file.storyboard; name = Base; path = Base.lproj/Main.storyboard; sourceTree = "<group>"; };
		D698B56D25C32E13004BAFF6 /* Assets.xcassets */ = {isa = PBXFileReference; lastKnownFileType = folder.assetcatalog; path = Assets.xcassets; sourceTree = "<group>"; };
		D698B57025C32E13004BAFF6 /* Base */ = {isa = PBXFileReference; lastKnownFileType = file.storyboard; name = Base; path = Base.lproj/LaunchScreen.storyboard; sourceTree = "<group>"; };
		D698B57225C32E13004BAFF6 /* Info.plist */ = {isa = PBXFileReference; lastKnownFileType = text.plist.xml; path = Info.plist; sourceTree = "<group>"; };
		D6A8FD4725CA95B3003B3412 /* AppCoordinator.swift */ = {isa = PBXFileReference; fileEncoding = 4; lastKnownFileType = sourcecode.swift; path = AppCoordinator.swift; sourceTree = "<group>"; };
		D6A8FD4825CA95B3003B3412 /* AppDelegate.swift */ = {isa = PBXFileReference; fileEncoding = 4; lastKnownFileType = sourcecode.swift; path = AppDelegate.swift; sourceTree = "<group>"; };
		D6A8FD5325CA964F003B3412 /* CodeTextField.swift */ = {isa = PBXFileReference; fileEncoding = 4; lastKnownFileType = sourcecode.swift; path = CodeTextField.swift; sourceTree = "<group>"; };
		D6A8FD5425CA964F003B3412 /* Color.swift */ = {isa = PBXFileReference; fileEncoding = 4; lastKnownFileType = sourcecode.swift; path = Color.swift; sourceTree = "<group>"; };
		D6A8FD5525CA964F003B3412 /* Font.swift */ = {isa = PBXFileReference; fileEncoding = 4; lastKnownFileType = sourcecode.swift; path = Font.swift; sourceTree = "<group>"; };
		D6A8FD5625CA964F003B3412 /* BaseViewController.swift */ = {isa = PBXFileReference; fileEncoding = 4; lastKnownFileType = sourcecode.swift; path = BaseViewController.swift; sourceTree = "<group>"; };
		D6A8FD5C25CA9658003B3412 /* AccountManager.swift */ = {isa = PBXFileReference; fileEncoding = 4; lastKnownFileType = sourcecode.swift; path = AccountManager.swift; sourceTree = "<group>"; };
		D6A8FD5D25CA9658003B3412 /* Coordinator.swift */ = {isa = PBXFileReference; fileEncoding = 4; lastKnownFileType = sourcecode.swift; path = Coordinator.swift; sourceTree = "<group>"; };
		D6A8FD7325CA981C003B3412 /* AuthCoordinator.swift */ = {isa = PBXFileReference; fileEncoding = 4; lastKnownFileType = sourcecode.swift; name = AuthCoordinator.swift; path = LoginSample/Flows/Auth/Login/AuthCoordinator.swift; sourceTree = SOURCE_ROOT; };
		D6A8FD7425CA981D003B3412 /* ConfirmCodeViewModel.swift */ = {isa = PBXFileReference; fileEncoding = 4; lastKnownFileType = sourcecode.swift; name = ConfirmCodeViewModel.swift; path = LoginSample/Flows/Auth/Code/ConfirmCodeViewModel.swift; sourceTree = SOURCE_ROOT; };
		D6A8FD7525CA981D003B3412 /* ConfirmCodeViewController.swift */ = {isa = PBXFileReference; fileEncoding = 4; lastKnownFileType = sourcecode.swift; name = ConfirmCodeViewController.swift; path = LoginSample/Flows/Auth/Code/ConfirmCodeViewController.swift; sourceTree = SOURCE_ROOT; };
		D6A8FD7625CA981D003B3412 /* LoginViewModel.swift */ = {isa = PBXFileReference; fileEncoding = 4; lastKnownFileType = sourcecode.swift; name = LoginViewModel.swift; path = LoginSample/Flows/Auth/Login/LoginViewModel.swift; sourceTree = SOURCE_ROOT; };
		D6A8FD7725CA981D003B3412 /* LoginViewController.swift */ = {isa = PBXFileReference; fileEncoding = 4; lastKnownFileType = sourcecode.swift; name = LoginViewController.swift; path = LoginSample/Flows/Auth/Login/LoginViewController.swift; sourceTree = SOURCE_ROOT; };
		D6A8FD8125CA98C1003B3412 /* AuthService.swift */ = {isa = PBXFileReference; lastKnownFileType = sourcecode.swift; path = AuthService.swift; sourceTree = "<group>"; };
		D6A8FDB025CADA2B003B3412 /* ConfirmCodeCoordinator.swift */ = {isa = PBXFileReference; lastKnownFileType = sourcecode.swift; path = ConfirmCodeCoordinator.swift; sourceTree = "<group>"; };
		D6A8FDB425CADDE8003B3412 /* PhoneTextField.swift */ = {isa = PBXFileReference; lastKnownFileType = sourcecode.swift; path = PhoneTextField.swift; sourceTree = "<group>"; };
		D6A8FDB825CAE279003B3412 /* PersonalDataViewController.swift */ = {isa = PBXFileReference; lastKnownFileType = sourcecode.swift; path = PersonalDataViewController.swift; sourceTree = "<group>"; };
		D6B1E37025E706440066C248 /* LoginSampleTests.xctest */ = {isa = PBXFileReference; explicitFileType = wrapper.cfbundle; includeInIndex = 0; path = LoginSampleTests.xctest; sourceTree = BUILT_PRODUCTS_DIR; };
		D6B1E37225E706440066C248 /* LoginSampleTests.swift */ = {isa = PBXFileReference; lastKnownFileType = sourcecode.swift; path = LoginSampleTests.swift; sourceTree = "<group>"; };
		D6B1E37425E706440066C248 /* Info.plist */ = {isa = PBXFileReference; lastKnownFileType = text.plist.xml; path = Info.plist; sourceTree = "<group>"; };
		D6B1E37C25E706540066C248 /* PinTypeTests.swift */ = {isa = PBXFileReference; lastKnownFileType = sourcecode.swift; path = PinTypeTests.swift; sourceTree = "<group>"; };
		D6D5B123260A0F3A00AE6A04 /* ConfirmCodeViewModelTests.swift */ = {isa = PBXFileReference; lastKnownFileType = sourcecode.swift; path = ConfirmCodeViewModelTests.swift; sourceTree = "<group>"; };
/* End PBXFileReference section */

/* Begin PBXFrameworksBuildPhase section */
		D698B55E25C32E05004BAFF6 /* Frameworks */ = {
			isa = PBXFrameworksBuildPhase;
			buildActionMask = 2147483647;
			files = (
				D6A8FD7125CA9774003B3412 /* RxSwiftExt in Frameworks */,
			);
			runOnlyForDeploymentPostprocessing = 0;
		};
		D6B1E36D25E706440066C248 /* Frameworks */ = {
			isa = PBXFrameworksBuildPhase;
			buildActionMask = 2147483647;
			files = (
			);
			runOnlyForDeploymentPostprocessing = 0;
		};
/* End PBXFrameworksBuildPhase section */

/* Begin PBXGroup section */
		D698B55825C32E05004BAFF6 = {
			isa = PBXGroup;
			children = (
				D698B56325C32E05004BAFF6 /* LoginSample */,
				D6B1E37125E706440066C248 /* LoginSampleTests */,
				D698B56225C32E05004BAFF6 /* Products */,
			);
			sourceTree = "<group>";
		};
		D698B56225C32E05004BAFF6 /* Products */ = {
			isa = PBXGroup;
			children = (
				D698B56125C32E05004BAFF6 /* LoginSample.app */,
				D6B1E37025E706440066C248 /* LoginSampleTests.xctest */,
			);
			name = Products;
			sourceTree = "<group>";
		};
		D698B56325C32E05004BAFF6 /* LoginSample */ = {
			isa = PBXGroup;
			children = (
				D6BF9E1225CE8ECC000C468C /* Views */,
				D6A0E11B25CB48C400C8717A /* Model */,
				D6A8FD8025CA98AE003B3412 /* Services */,
				D6A8FD5225CA9609003B3412 /* Flows */,
				D6A8FD5125CA9605003B3412 /* CoreUI */,
				D6A8FD4E25CA95D2003B3412 /* Core */,
				D6A8FD4625CA95A6003B3412 /* AppDelegate */,
				D698B56A25C32E05004BAFF6 /* Main.storyboard */,
				D698B56D25C32E13004BAFF6 /* Assets.xcassets */,
				D698B56F25C32E13004BAFF6 /* LaunchScreen.storyboard */,
				D698B57225C32E13004BAFF6 /* Info.plist */,
			);
			path = LoginSample;
			sourceTree = "<group>";
		};
		D6A0E11B25CB48C400C8717A /* Model */ = {
			isa = PBXGroup;
			children = (
			);
			path = Model;
			sourceTree = "<group>";
		};
		D6A8FD4625CA95A6003B3412 /* AppDelegate */ = {
			isa = PBXGroup;
			children = (
				D698B56625C32E05004BAFF6 /* SceneDelegate.swift */,
				D6A8FD4725CA95B3003B3412 /* AppCoordinator.swift */,
				D6A8FD4825CA95B3003B3412 /* AppDelegate.swift */,
			);
			path = AppDelegate;
			sourceTree = "<group>";
		};
		D6A8FD4E25CA95D2003B3412 /* Core */ = {
			isa = PBXGroup;
			children = (
				D6A8FD5C25CA9658003B3412 /* AccountManager.swift */,
				D6A8FD5D25CA9658003B3412 /* Coordinator.swift */,
			);
			path = Core;
			sourceTree = "<group>";
		};
		D6A8FD5125CA9605003B3412 /* CoreUI */ = {
			isa = PBXGroup;
			children = (
				D6AFF5BD25DE4F4900CC5CE3 /* Input */,
				D6A8FD5625CA964F003B3412 /* BaseViewController.swift */,
				D6A8FD5425CA964F003B3412 /* Color.swift */,
				D6A8FD5525CA964F003B3412 /* Font.swift */,
			);
			path = CoreUI;
			sourceTree = "<group>";
		};
		D6A8FD5225CA9609003B3412 /* Flows */ = {
			isa = PBXGroup;
			children = (
				D6A8FD6125CA96DF003B3412 /* Auth */,
			);
			path = Flows;
			sourceTree = "<group>";
		};
		D6A8FD6125CA96DF003B3412 /* Auth */ = {
			isa = PBXGroup;
			children = (
				D6A8FDBD25CAE2D0003B3412 /* PersonalData */,
				D6A8FDBC25CAE2CC003B3412 /* Code */,
				D6A8FDBB25CAE2C7003B3412 /* Login */,
			);
			path = Auth;
			sourceTree = "<group>";
		};
		D6A8FD8025CA98AE003B3412 /* Services */ = {
			isa = PBXGroup;
			children = (
				D6A8FD8125CA98C1003B3412 /* AuthService.swift */,
			);
			path = Services;
			sourceTree = "<group>";
		};
		D6A8FDBB25CAE2C7003B3412 /* Login */ = {
			isa = PBXGroup;
			children = (
				D6A8FD7325CA981C003B3412 /* AuthCoordinator.swift */,
				D6A8FD7725CA981D003B3412 /* LoginViewController.swift */,
				D6A8FD7625CA981D003B3412 /* LoginViewModel.swift */,
			);
			path = Login;
			sourceTree = "<group>";
		};
		D6A8FDBC25CAE2CC003B3412 /* Code */ = {
			isa = PBXGroup;
			children = (
				D6A8FD7525CA981D003B3412 /* ConfirmCodeViewController.swift */,
				D6A8FD7425CA981D003B3412 /* ConfirmCodeViewModel.swift */,
				D6A8FDB025CADA2B003B3412 /* ConfirmCodeCoordinator.swift */,
			);
			path = Code;
			sourceTree = "<group>";
		};
		D6A8FDBD25CAE2D0003B3412 /* PersonalData */ = {
			isa = PBXGroup;
			children = (
				D6A8FDB825CAE279003B3412 /* PersonalDataViewController.swift */,
			);
			path = PersonalData;
			sourceTree = "<group>";
		};
		D6AFF5BD25DE4F4900CC5CE3 /* Input */ = {
			isa = PBXGroup;
			children = (
				D6A8FD5325CA964F003B3412 /* CodeTextField.swift */,
				D6A8FDB425CADDE8003B3412 /* PhoneTextField.swift */,
			);
			path = Input;
			sourceTree = "<group>";
		};
		D6B1E37125E706440066C248 /* LoginSampleTests */ = {
			isa = PBXGroup;
			children = (
				D6B1E37225E706440066C248 /* LoginSampleTests.swift */,
				D6B1E37425E706440066C248 /* Info.plist */,
				D6B1E37C25E706540066C248 /* PinTypeTests.swift */,
				D6D5B123260A0F3A00AE6A04 /* ConfirmCodeViewModelTests.swift */,
			);
			path = LoginSampleTests;
			sourceTree = "<group>";
		};
		D6BF9E1225CE8ECC000C468C /* Views */ = {
			isa = PBXGroup;
			children = (
			);
			path = Views;
			sourceTree = "<group>";
		};
/* End PBXGroup section */

/* Begin PBXNativeTarget section */
		D698B56025C32E05004BAFF6 /* LoginSample */ = {
			isa = PBXNativeTarget;
			buildConfigurationList = D698B57525C32E13004BAFF6 /* Build configuration list for PBXNativeTarget "LoginSample" */;
			buildPhases = (
				D698B55D25C32E05004BAFF6 /* Sources */,
				D698B55E25C32E05004BAFF6 /* Frameworks */,
				D698B55F25C32E05004BAFF6 /* Resources */,
			);
			buildRules = (
			);
			dependencies = (
			);
			name = LoginSample;
			packageProductDependencies = (
				D6A8FD7025CA9774003B3412 /* RxSwiftExt */,
			);
			productName = LoginSample;
			productReference = D698B56125C32E05004BAFF6 /* LoginSample.app */;
			productType = "com.apple.product-type.application";
		};
		D6B1E36F25E706440066C248 /* LoginSampleTests */ = {
			isa = PBXNativeTarget;
			buildConfigurationList = D6B1E37925E706440066C248 /* Build configuration list for PBXNativeTarget "LoginSampleTests" */;
			buildPhases = (
				D6B1E36C25E706440066C248 /* Sources */,
				D6B1E36D25E706440066C248 /* Frameworks */,
				D6B1E36E25E706440066C248 /* Resources */,
			);
			buildRules = (
			);
			dependencies = (
				D6B1E37625E706440066C248 /* PBXTargetDependency */,
			);
			name = LoginSampleTests;
			packageProductDependencies = (
			);
			productName = LoginSampleTests;
			productReference = D6B1E37025E706440066C248 /* LoginSampleTests.xctest */;
			productType = "com.apple.product-type.bundle.unit-test";
		};
/* End PBXNativeTarget section */

/* Begin PBXProject section */
		D698B55925C32E05004BAFF6 /* Project object */ = {
			isa = PBXProject;
			attributes = {
				LastSwiftUpdateCheck = 1220;
				LastUpgradeCheck = 1220;
				TargetAttributes = {
					D698B56025C32E05004BAFF6 = {
						CreatedOnToolsVersion = 12.2;
					};
					D6B1E36F25E706440066C248 = {
						CreatedOnToolsVersion = 12.2;
						TestTargetID = D698B56025C32E05004BAFF6;
					};
				};
			};
			buildConfigurationList = D698B55C25C32E05004BAFF6 /* Build configuration list for PBXProject "LoginSample" */;
			compatibilityVersion = "Xcode 9.3";
			developmentRegion = en;
			hasScannedForEncodings = 0;
			knownRegions = (
				en,
				Base,
			);
			mainGroup = D698B55825C32E05004BAFF6;
			packageReferences = (
				D6A8FD6F25CA9774003B3412 /* XCRemoteSwiftPackageReference "RxSwiftExt" */,
			);
			productRefGroup = D698B56225C32E05004BAFF6 /* Products */;
			projectDirPath = "";
			projectRoot = "";
			targets = (
				D698B56025C32E05004BAFF6 /* LoginSample */,
				D6B1E36F25E706440066C248 /* LoginSampleTests */,
			);
		};
/* End PBXProject section */

/* Begin PBXResourcesBuildPhase section */
		D698B55F25C32E05004BAFF6 /* Resources */ = {
			isa = PBXResourcesBuildPhase;
			buildActionMask = 2147483647;
			files = (
				D698B57125C32E13004BAFF6 /* LaunchScreen.storyboard in Resources */,
				D698B56E25C32E13004BAFF6 /* Assets.xcassets in Resources */,
				D698B56C25C32E05004BAFF6 /* Main.storyboard in Resources */,
			);
			runOnlyForDeploymentPostprocessing = 0;
		};
		D6B1E36E25E706440066C248 /* Resources */ = {
			isa = PBXResourcesBuildPhase;
			buildActionMask = 2147483647;
			files = (
			);
			runOnlyForDeploymentPostprocessing = 0;
		};
/* End PBXResourcesBuildPhase section */

/* Begin PBXSourcesBuildPhase section */
		D698B55D25C32E05004BAFF6 /* Sources */ = {
			isa = PBXSourcesBuildPhase;
			buildActionMask = 2147483647;
			files = (
				D6A8FDB925CAE279003B3412 /* PersonalDataViewController.swift in Sources */,
				D6A8FD7C25CA981D003B3412 /* LoginViewController.swift in Sources */,
				D6A8FD7A25CA981D003B3412 /* ConfirmCodeViewController.swift in Sources */,
				D6A8FD4925CA95B3003B3412 /* AppCoordinator.swift in Sources */,
				D6A8FD7925CA981D003B3412 /* ConfirmCodeViewModel.swift in Sources */,
				D6A8FD7825CA981D003B3412 /* AuthCoordinator.swift in Sources */,
				D6A8FD5825CA9650003B3412 /* Color.swift in Sources */,
				D6A8FD7B25CA981D003B3412 /* LoginViewModel.swift in Sources */,
				D6A8FDB525CADDE8003B3412 /* PhoneTextField.swift in Sources */,
				D6A8FDB125CADA2B003B3412 /* ConfirmCodeCoordinator.swift in Sources */,
				D698B56725C32E05004BAFF6 /* SceneDelegate.swift in Sources */,
				D6A8FD5925CA9650003B3412 /* Font.swift in Sources */,
				D6A8FD5E25CA9658003B3412 /* AccountManager.swift in Sources */,
				D6A8FD5F25CA9658003B3412 /* Coordinator.swift in Sources */,
				D6A8FD5A25CA9650003B3412 /* BaseViewController.swift in Sources */,
				D6A8FD4A25CA95B3003B3412 /* AppDelegate.swift in Sources */,
				D6A8FD8225CA98C1003B3412 /* AuthService.swift in Sources */,
				D6A8FD5725CA964F003B3412 /* CodeTextField.swift in Sources */,
			);
			runOnlyForDeploymentPostprocessing = 0;
		};
		D6B1E36C25E706440066C248 /* Sources */ = {
			isa = PBXSourcesBuildPhase;
			buildActionMask = 2147483647;
			files = (
				D6B1E37325E706440066C248 /* LoginSampleTests.swift in Sources */,
				D6D5B124260A0F3A00AE6A04 /* ConfirmCodeViewModelTests.swift in Sources */,
				D6B1E37D25E706540066C248 /* PinTypeTests.swift in Sources */,
			);
			runOnlyForDeploymentPostprocessing = 0;
		};
/* End PBXSourcesBuildPhase section */

/* Begin PBXTargetDependency section */
		D6B1E37625E706440066C248 /* PBXTargetDependency */ = {
			isa = PBXTargetDependency;
			target = D698B56025C32E05004BAFF6 /* LoginSample */;
			targetProxy = D6B1E37525E706440066C248 /* PBXContainerItemProxy */;
		};
/* End PBXTargetDependency section */

/* Begin PBXVariantGroup section */
		D698B56A25C32E05004BAFF6 /* Main.storyboard */ = {
			isa = PBXVariantGroup;
			children = (
				D698B56B25C32E05004BAFF6 /* Base */,
			);
			name = Main.storyboard;
			sourceTree = "<group>";
		};
		D698B56F25C32E13004BAFF6 /* LaunchScreen.storyboard */ = {
			isa = PBXVariantGroup;
			children = (
				D698B57025C32E13004BAFF6 /* Base */,
			);
			name = LaunchScreen.storyboard;
			sourceTree = "<group>";
		};
/* End PBXVariantGroup section */

/* Begin XCBuildConfiguration section */
		D698B57325C32E13004BAFF6 /* Debug */ = {
			isa = XCBuildConfiguration;
			buildSettings = {
				ALWAYS_SEARCH_USER_PATHS = NO;
				CLANG_ANALYZER_NONNULL = YES;
				CLANG_ANALYZER_NUMBER_OBJECT_CONVERSION = YES_AGGRESSIVE;
				CLANG_CXX_LANGUAGE_STANDARD = "gnu++14";
				CLANG_CXX_LIBRARY = "libc++";
				CLANG_ENABLE_MODULES = YES;
				CLANG_ENABLE_OBJC_ARC = YES;
				CLANG_ENABLE_OBJC_WEAK = YES;
				CLANG_WARN_BLOCK_CAPTURE_AUTORELEASING = YES;
				CLANG_WARN_BOOL_CONVERSION = YES;
				CLANG_WARN_COMMA = YES;
				CLANG_WARN_CONSTANT_CONVERSION = YES;
				CLANG_WARN_DEPRECATED_OBJC_IMPLEMENTATIONS = YES;
				CLANG_WARN_DIRECT_OBJC_ISA_USAGE = YES_ERROR;
				CLANG_WARN_DOCUMENTATION_COMMENTS = YES;
				CLANG_WARN_EMPTY_BODY = YES;
				CLANG_WARN_ENUM_CONVERSION = YES;
				CLANG_WARN_INFINITE_RECURSION = YES;
				CLANG_WARN_INT_CONVERSION = YES;
				CLANG_WARN_NON_LITERAL_NULL_CONVERSION = YES;
				CLANG_WARN_OBJC_IMPLICIT_RETAIN_SELF = YES;
				CLANG_WARN_OBJC_LITERAL_CONVERSION = YES;
				CLANG_WARN_OBJC_ROOT_CLASS = YES_ERROR;
				CLANG_WARN_QUOTED_INCLUDE_IN_FRAMEWORK_HEADER = YES;
				CLANG_WARN_RANGE_LOOP_ANALYSIS = YES;
				CLANG_WARN_STRICT_PROTOTYPES = YES;
				CLANG_WARN_SUSPICIOUS_MOVE = YES;
				CLANG_WARN_UNGUARDED_AVAILABILITY = YES_AGGRESSIVE;
				CLANG_WARN_UNREACHABLE_CODE = YES;
				CLANG_WARN__DUPLICATE_METHOD_MATCH = YES;
				COPY_PHASE_STRIP = NO;
				DEBUG_INFORMATION_FORMAT = dwarf;
				ENABLE_STRICT_OBJC_MSGSEND = YES;
				ENABLE_TESTABILITY = YES;
				GCC_C_LANGUAGE_STANDARD = gnu11;
				GCC_DYNAMIC_NO_PIC = NO;
				GCC_NO_COMMON_BLOCKS = YES;
				GCC_OPTIMIZATION_LEVEL = 0;
				GCC_PREPROCESSOR_DEFINITIONS = (
					"DEBUG=1",
					"$(inherited)",
				);
				GCC_WARN_64_TO_32_BIT_CONVERSION = YES;
				GCC_WARN_ABOUT_RETURN_TYPE = YES_ERROR;
				GCC_WARN_UNDECLARED_SELECTOR = YES;
				GCC_WARN_UNINITIALIZED_AUTOS = YES_AGGRESSIVE;
				GCC_WARN_UNUSED_FUNCTION = YES;
				GCC_WARN_UNUSED_VARIABLE = YES;
				IPHONEOS_DEPLOYMENT_TARGET = 14.2;
				MTL_ENABLE_DEBUG_INFO = INCLUDE_SOURCE;
				MTL_FAST_MATH = YES;
				ONLY_ACTIVE_ARCH = YES;
				SDKROOT = iphoneos;
				SWIFT_ACTIVE_COMPILATION_CONDITIONS = DEBUG;
				SWIFT_OPTIMIZATION_LEVEL = "-Onone";
			};
			name = Debug;
		};
		D698B57425C32E13004BAFF6 /* Release */ = {
			isa = XCBuildConfiguration;
			buildSettings = {
				ALWAYS_SEARCH_USER_PATHS = NO;
				CLANG_ANALYZER_NONNULL = YES;
				CLANG_ANALYZER_NUMBER_OBJECT_CONVERSION = YES_AGGRESSIVE;
				CLANG_CXX_LANGUAGE_STANDARD = "gnu++14";
				CLANG_CXX_LIBRARY = "libc++";
				CLANG_ENABLE_MODULES = YES;
				CLANG_ENABLE_OBJC_ARC = YES;
				CLANG_ENABLE_OBJC_WEAK = YES;
				CLANG_WARN_BLOCK_CAPTURE_AUTORELEASING = YES;
				CLANG_WARN_BOOL_CONVERSION = YES;
				CLANG_WARN_COMMA = YES;
				CLANG_WARN_CONSTANT_CONVERSION = YES;
				CLANG_WARN_DEPRECATED_OBJC_IMPLEMENTATIONS = YES;
				CLANG_WARN_DIRECT_OBJC_ISA_USAGE = YES_ERROR;
				CLANG_WARN_DOCUMENTATION_COMMENTS = YES;
				CLANG_WARN_EMPTY_BODY = YES;
				CLANG_WARN_ENUM_CONVERSION = YES;
				CLANG_WARN_INFINITE_RECURSION = YES;
				CLANG_WARN_INT_CONVERSION = YES;
				CLANG_WARN_NON_LITERAL_NULL_CONVERSION = YES;
				CLANG_WARN_OBJC_IMPLICIT_RETAIN_SELF = YES;
				CLANG_WARN_OBJC_LITERAL_CONVERSION = YES;
				CLANG_WARN_OBJC_ROOT_CLASS = YES_ERROR;
				CLANG_WARN_QUOTED_INCLUDE_IN_FRAMEWORK_HEADER = YES;
				CLANG_WARN_RANGE_LOOP_ANALYSIS = YES;
				CLANG_WARN_STRICT_PROTOTYPES = YES;
				CLANG_WARN_SUSPICIOUS_MOVE = YES;
				CLANG_WARN_UNGUARDED_AVAILABILITY = YES_AGGRESSIVE;
				CLANG_WARN_UNREACHABLE_CODE = YES;
				CLANG_WARN__DUPLICATE_METHOD_MATCH = YES;
				COPY_PHASE_STRIP = NO;
				DEBUG_INFORMATION_FORMAT = "dwarf-with-dsym";
				ENABLE_NS_ASSERTIONS = NO;
				ENABLE_STRICT_OBJC_MSGSEND = YES;
				GCC_C_LANGUAGE_STANDARD = gnu11;
				GCC_NO_COMMON_BLOCKS = YES;
				GCC_WARN_64_TO_32_BIT_CONVERSION = YES;
				GCC_WARN_ABOUT_RETURN_TYPE = YES_ERROR;
				GCC_WARN_UNDECLARED_SELECTOR = YES;
				GCC_WARN_UNINITIALIZED_AUTOS = YES_AGGRESSIVE;
				GCC_WARN_UNUSED_FUNCTION = YES;
				GCC_WARN_UNUSED_VARIABLE = YES;
				IPHONEOS_DEPLOYMENT_TARGET = 14.2;
				MTL_ENABLE_DEBUG_INFO = NO;
				MTL_FAST_MATH = YES;
				SDKROOT = iphoneos;
				SWIFT_COMPILATION_MODE = wholemodule;
				SWIFT_OPTIMIZATION_LEVEL = "-O";
				VALIDATE_PRODUCT = YES;
			};
			name = Release;
		};
		D698B57625C32E13004BAFF6 /* Debug */ = {
			isa = XCBuildConfiguration;
			buildSettings = {
				ASSETCATALOG_COMPILER_APPICON_NAME = AppIcon;
				ASSETCATALOG_COMPILER_GLOBAL_ACCENT_COLOR_NAME = AccentColor;
				CODE_SIGN_STYLE = Manual;
				DEVELOPMENT_TEAM = "";
				INFOPLIST_FILE = LoginSample/Info.plist;
				IPHONEOS_DEPLOYMENT_TARGET = 13.0;
				LD_RUNPATH_SEARCH_PATHS = (
					"$(inherited)",
					"@executable_path/Frameworks",
				);
				PRODUCT_BUNDLE_IDENTIFIER = ru.agima.loginSample;
				PRODUCT_NAME = "$(TARGET_NAME)";
				PROVISIONING_PROFILE_SPECIFIER = "";
				SWIFT_VERSION = 5.0;
				TARGETED_DEVICE_FAMILY = "1,2";
			};
			name = Debug;
		};
		D698B57725C32E13004BAFF6 /* Release */ = {
			isa = XCBuildConfiguration;
			buildSettings = {
				ASSETCATALOG_COMPILER_APPICON_NAME = AppIcon;
				ASSETCATALOG_COMPILER_GLOBAL_ACCENT_COLOR_NAME = AccentColor;
				CODE_SIGN_STYLE = Manual;
				DEVELOPMENT_TEAM = "";
				INFOPLIST_FILE = LoginSample/Info.plist;
				IPHONEOS_DEPLOYMENT_TARGET = 13.0;
				LD_RUNPATH_SEARCH_PATHS = (
					"$(inherited)",
					"@executable_path/Frameworks",
				);
				PRODUCT_BUNDLE_IDENTIFIER = ru.agima.loginSample;
				PRODUCT_NAME = "$(TARGET_NAME)";
				PROVISIONING_PROFILE_SPECIFIER = "";
				SWIFT_VERSION = 5.0;
				TARGETED_DEVICE_FAMILY = "1,2";
			};
			name = Release;
		};
		D6B1E37725E706440066C248 /* Debug */ = {
			isa = XCBuildConfiguration;
			buildSettings = {
				BUNDLE_LOADER = "$(TEST_HOST)";
				CODE_SIGN_STYLE = Automatic;
				INFOPLIST_FILE = LoginSampleTests/Info.plist;
				LD_RUNPATH_SEARCH_PATHS = (
					"$(inherited)",
					"@executable_path/Frameworks",
					"@loader_path/Frameworks",
				);
				PRODUCT_BUNDLE_IDENTIFIER = ru.agima.LoginSampleTests;
				PRODUCT_NAME = "$(TARGET_NAME)";
				SWIFT_VERSION = 5.0;
				TARGETED_DEVICE_FAMILY = "1,2";
				TEST_HOST = "$(BUILT_PRODUCTS_DIR)/LoginSample.app/LoginSample";
			};
			name = Debug;
		};
		D6B1E37825E706440066C248 /* Release */ = {
			isa = XCBuildConfiguration;
			buildSettings = {
				BUNDLE_LOADER = "$(TEST_HOST)";
				CODE_SIGN_STYLE = Automatic;
				INFOPLIST_FILE = LoginSampleTests/Info.plist;
				LD_RUNPATH_SEARCH_PATHS = (
					"$(inherited)",
					"@executable_path/Frameworks",
					"@loader_path/Frameworks",
				);
				PRODUCT_BUNDLE_IDENTIFIER = ru.agima.LoginSampleTests;
				PRODUCT_NAME = "$(TARGET_NAME)";
				SWIFT_VERSION = 5.0;
				TARGETED_DEVICE_FAMILY = "1,2";
				TEST_HOST = "$(BUILT_PRODUCTS_DIR)/LoginSample.app/LoginSample";
			};
			name = Release;
		};
/* End XCBuildConfiguration section */

/* Begin XCConfigurationList section */
		D698B55C25C32E05004BAFF6 /* Build configuration list for PBXProject "LoginSample" */ = {
			isa = XCConfigurationList;
			buildConfigurations = (
				D698B57325C32E13004BAFF6 /* Debug */,
				D698B57425C32E13004BAFF6 /* Release */,
			);
			defaultConfigurationIsVisible = 0;
			defaultConfigurationName = Release;
		};
		D698B57525C32E13004BAFF6 /* Build configuration list for PBXNativeTarget "LoginSample" */ = {
			isa = XCConfigurationList;
			buildConfigurations = (
				D698B57625C32E13004BAFF6 /* Debug */,
				D698B57725C32E13004BAFF6 /* Release */,
			);
			defaultConfigurationIsVisible = 0;
			defaultConfigurationName = Release;
		};
		D6B1E37925E706440066C248 /* Build configuration list for PBXNativeTarget "LoginSampleTests" */ = {
			isa = XCConfigurationList;
			buildConfigurations = (
				D6B1E37725E706440066C248 /* Debug */,
				D6B1E37825E706440066C248 /* Release */,
			);
			defaultConfigurationIsVisible = 0;
			defaultConfigurationName = Release;
		};
/* End XCConfigurationList section */

/* Begin XCRemoteSwiftPackageReference section */
		D6A8FD6F25CA9774003B3412 /* XCRemoteSwiftPackageReference "RxSwiftExt" */ = {
			isa = XCRemoteSwiftPackageReference;
			repositoryURL = "https://github.com/RxSwiftCommunity/RxSwiftExt";
			requirement = {
				kind = upToNextMajorVersion;
				minimumVersion = 6.0.0;
			};
		};
/* End XCRemoteSwiftPackageReference section */

/* Begin XCSwiftPackageProductDependency section */
		D6A8FD7025CA9774003B3412 /* RxSwiftExt */ = {
			isa = XCSwiftPackageProductDependency;
			package = D6A8FD6F25CA9774003B3412 /* XCRemoteSwiftPackageReference "RxSwiftExt" */;
			productName = RxSwiftExt;
		};
/* End XCSwiftPackageProductDependency section */
	};
	rootObject = D698B55925C32E05004BAFF6 /* Project object */;
}
