// !$*UTF8*$!
{
	archiveVersion = 1;
	classes = {
	};
	objectVersion = 51;
	objects = {

/* Begin PBXBuildFile section */
		698A977CA0B29465FE95B766 /* Pods_faceIdTest.framework in Frameworks */ = {isa = PBXBuildFile; fileRef = 719048586F56FD096C1D931C /* Pods_faceIdTest.framework */; };
		6D0F331B3CB165CB72A6D75C /* Pods_faceIdTestUITests.framework in Frameworks */ = {isa = PBXBuildFile; fileRef = EF0D229882527E992DC9475E /* Pods_faceIdTestUITests.framework */; };
		8F890C8A6064F02EF34F5A47 /* Pods_faceIdTestTests.framework in Frameworks */ = {isa = PBXBuildFile; fileRef = 29DEE608CE8498166CE4D760 /* Pods_faceIdTestTests.framework */; };
		D60E48EA25D44F7A00DCB6E7 /* Settings.swift in Sources */ = {isa = PBXBuildFile; fileRef = D60E48E925D44F7A00DCB6E7 /* Settings.swift */; };
		D61333D525E850ED00305626 /* SettingsViewController.swift in Sources */ = {isa = PBXBuildFile; fileRef = D61333D425E850ED00305626 /* SettingsViewController.swift */; };
		D61333DA25E8CC1500305626 /* ToggleCell.swift in Sources */ = {isa = PBXBuildFile; fileRef = D61333D925E8CC1500305626 /* ToggleCell.swift */; };
		D61FEA5125D18DB400E528AD /* LeftAlignedCollectionViewFlowLayout.swift in Sources */ = {isa = PBXBuildFile; fileRef = D61FEA5025D18DB400E528AD /* LeftAlignedCollectionViewFlowLayout.swift */; };
		D636C5DC25EE10B40004BC02 /* SettingsViewModel.swift in Sources */ = {isa = PBXBuildFile; fileRef = D636C5DB25EE10B40004BC02 /* SettingsViewModel.swift */; };
		D636C5E025EE10D20004BC02 /* SettingsCoordinator.swift in Sources */ = {isa = PBXBuildFile; fileRef = D636C5DF25EE10D20004BC02 /* SettingsCoordinator.swift */; };
		D68ECB8025D09F4B00F38294 /* Card.swift in Sources */ = {isa = PBXBuildFile; fileRef = D68ECB7F25D09F4B00F38294 /* Card.swift */; };
		D698B56725C32E05004BAFF6 /* SceneDelegate.swift in Sources */ = {isa = PBXBuildFile; fileRef = D698B56625C32E05004BAFF6 /* SceneDelegate.swift */; };
		D698B56C25C32E05004BAFF6 /* Main.storyboard in Resources */ = {isa = PBXBuildFile; fileRef = D698B56A25C32E05004BAFF6 /* Main.storyboard */; };
		D698B56E25C32E13004BAFF6 /* Assets.xcassets in Resources */ = {isa = PBXBuildFile; fileRef = D698B56D25C32E13004BAFF6 /* Assets.xcassets */; };
		D698B57125C32E13004BAFF6 /* LaunchScreen.storyboard in Resources */ = {isa = PBXBuildFile; fileRef = D698B56F25C32E13004BAFF6 /* LaunchScreen.storyboard */; };
		D699F82E25CC3F7D001E7577 /* TariffCell.swift in Sources */ = {isa = PBXBuildFile; fileRef = D699F82D25CC3F7D001E7577 /* TariffCell.swift */; };
		D699F86525CC41C8001E7577 /* TariffSliderCell.swift in Sources */ = {isa = PBXBuildFile; fileRef = D699F86425CC41C8001E7577 /* TariffSliderCell.swift */; };
		D69FEE5826A4915100B3B226 /* Localizable.strings in Resources */ = {isa = PBXBuildFile; fileRef = D69FEE5A26A4915100B3B226 /* Localizable.strings */; };
		D69FEE8D26A4AD8200B3B226 /* Strings.swift in Sources */ = {isa = PBXBuildFile; fileRef = D69FEE8B26A4AD8200B3B226 /* Strings.swift */; };
		D69FEE8E26A4AD8200B3B226 /* Assets.swift in Sources */ = {isa = PBXBuildFile; fileRef = D69FEE8C26A4AD8200B3B226 /* Assets.swift */; };
		D69FEE9426A8345100B3B226 /* PinFlowTests.swift in Sources */ = {isa = PBXBuildFile; fileRef = D69FEE9326A8345100B3B226 /* PinFlowTests.swift */; };
		D69FEE9826A835A500B3B226 /* LoginViewModelTests.swift in Sources */ = {isa = PBXBuildFile; fileRef = D69FEE9726A835A500B3B226 /* LoginViewModelTests.swift */; };
		D69FEE9C26A87F2E00B3B226 /* AuthCoordinatorTests.swift in Sources */ = {isa = PBXBuildFile; fileRef = D69FEE9B26A87F2E00B3B226 /* AuthCoordinatorTests.swift */; };
		D69FEEC326AA831800B3B226 /* GeocodedLocationProvider.swift in Sources */ = {isa = PBXBuildFile; fileRef = D69FEEC226AA831800B3B226 /* GeocodedLocationProvider.swift */; };
		D6A0E11925CB48A000C8717A /* UserService.swift in Sources */ = {isa = PBXBuildFile; fileRef = D6A0E11825CB48A000C8717A /* UserService.swift */; };
		D6A0E11D25CB48ED00C8717A /* Address.swift in Sources */ = {isa = PBXBuildFile; fileRef = D6A0E11C25CB48ED00C8717A /* Address.swift */; };
		D6A0E12225CBD92000C8717A /* MapViewModel.swift in Sources */ = {isa = PBXBuildFile; fileRef = D6A0E12125CBD92000C8717A /* MapViewModel.swift */; };
		D6A0E12525CBD94000C8717A /* MapCoordinator.swift in Sources */ = {isa = PBXBuildFile; fileRef = D6A0E12425CBD94000C8717A /* MapCoordinator.swift */; };
		D6A0E12B25CBE00B00C8717A /* IVPopupController.swift in Sources */ = {isa = PBXBuildFile; fileRef = D6A0E12A25CBE00B00C8717A /* IVPopupController.swift */; };
		D6A0E12E25CBE9EF00C8717A /* ProfileViewController.swift in Sources */ = {isa = PBXBuildFile; fileRef = D6A0E12D25CBE9EF00C8717A /* ProfileViewController.swift */; };
		D6A8FD4925CA95B3003B3412 /* AppCoordinator.swift in Sources */ = {isa = PBXBuildFile; fileRef = D6A8FD4725CA95B3003B3412 /* AppCoordinator.swift */; };
		D6A8FD4A25CA95B3003B3412 /* AppDelegate.swift in Sources */ = {isa = PBXBuildFile; fileRef = D6A8FD4825CA95B3003B3412 /* AppDelegate.swift */; };
		D6A8FD5825CA9650003B3412 /* Color.swift in Sources */ = {isa = PBXBuildFile; fileRef = D6A8FD5425CA964F003B3412 /* Color.swift */; };
		D6A8FD5925CA9650003B3412 /* Font.swift in Sources */ = {isa = PBXBuildFile; fileRef = D6A8FD5525CA964F003B3412 /* Font.swift */; };
		D6A8FD5A25CA9650003B3412 /* BaseViewController.swift in Sources */ = {isa = PBXBuildFile; fileRef = D6A8FD5625CA964F003B3412 /* BaseViewController.swift */; };
		D6A8FD5E25CA9658003B3412 /* AccountManager.swift in Sources */ = {isa = PBXBuildFile; fileRef = D6A8FD5C25CA9658003B3412 /* AccountManager.swift */; };
		D6A8FD5F25CA9658003B3412 /* Coordinator.swift in Sources */ = {isa = PBXBuildFile; fileRef = D6A8FD5D25CA9658003B3412 /* Coordinator.swift */; };
		D6A8FD7825CA981D003B3412 /* AuthCoordinator.swift in Sources */ = {isa = PBXBuildFile; fileRef = D6A8FD7325CA981C003B3412 /* AuthCoordinator.swift */; };
		D6A8FD7925CA981D003B3412 /* ConfirmCodeViewModel.swift in Sources */ = {isa = PBXBuildFile; fileRef = D6A8FD7425CA981D003B3412 /* ConfirmCodeViewModel.swift */; };
		D6A8FD7A25CA981D003B3412 /* ConfirmCodeViewController.swift in Sources */ = {isa = PBXBuildFile; fileRef = D6A8FD7525CA981D003B3412 /* ConfirmCodeViewController.swift */; };
		D6A8FD7B25CA981D003B3412 /* LoginViewModel.swift in Sources */ = {isa = PBXBuildFile; fileRef = D6A8FD7625CA981D003B3412 /* LoginViewModel.swift */; };
		D6A8FD7C25CA981D003B3412 /* LoginViewController.swift in Sources */ = {isa = PBXBuildFile; fileRef = D6A8FD7725CA981D003B3412 /* LoginViewController.swift */; };
		D6A8FD8225CA98C1003B3412 /* AuthService.swift in Sources */ = {isa = PBXBuildFile; fileRef = D6A8FD8125CA98C1003B3412 /* AuthService.swift */; };
		D6A8FDB125CADA2B003B3412 /* ConfirmCodeCoordinator.swift in Sources */ = {isa = PBXBuildFile; fileRef = D6A8FDB025CADA2B003B3412 /* ConfirmCodeCoordinator.swift */; };
		D6A8FDB925CAE279003B3412 /* PersonalDataViewController.swift in Sources */ = {isa = PBXBuildFile; fileRef = D6A8FDB825CAE279003B3412 /* PersonalDataViewController.swift */; };
		D6A8FDC125CAE7CA003B3412 /* MapViewController.swift in Sources */ = {isa = PBXBuildFile; fileRef = D6A8FDC025CAE7CA003B3412 /* MapViewController.swift */; };
		D6A8FDC625CAF279003B3412 /* BasePopover.swift in Sources */ = {isa = PBXBuildFile; fileRef = D6A8FDC525CAF279003B3412 /* BasePopover.swift */; };
		D6A8FDC925CAF370003B3412 /* RideOptionsController.swift in Sources */ = {isa = PBXBuildFile; fileRef = D6A8FDC825CAF370003B3412 /* RideOptionsController.swift */; };
		D6AFF5C425DE688200CC5CE3 /* PinPadItem.swift in Sources */ = {isa = PBXBuildFile; fileRef = D6AFF5C325DE688200CC5CE3 /* PinPadItem.swift */; };
		D6AFF5C825DE693600CC5CE3 /* DotsField.swift in Sources */ = {isa = PBXBuildFile; fileRef = D6AFF5C725DE693600CC5CE3 /* DotsField.swift */; };
		D6AFF5CB25DE6C5D00CC5CE3 /* EnablePinCoordinator.swift in Sources */ = {isa = PBXBuildFile; fileRef = D6AFF5CA25DE6C5D00CC5CE3 /* EnablePinCoordinator.swift */; };
		D6AFF5CF25DFD16400CC5CE3 /* PinCodeViewModel.swift in Sources */ = {isa = PBXBuildFile; fileRef = D6AFF5CE25DFD16400CC5CE3 /* PinCodeViewModel.swift */; };
		D6B1E37325E706440066C248 /* faceIdTestTests.swift in Sources */ = {isa = PBXBuildFile; fileRef = D6B1E37225E706440066C248 /* faceIdTestTests.swift */; };
		D6B1E37D25E706540066C248 /* PinTypeTests.swift in Sources */ = {isa = PBXBuildFile; fileRef = D6B1E37C25E706540066C248 /* PinTypeTests.swift */; };
		D6BF9DF025CDDD37000C468C /* ProfileHeaderCell.swift in Sources */ = {isa = PBXBuildFile; fileRef = D6BF9DEF25CDDD37000C468C /* ProfileHeaderCell.swift */; };
		D6BF9DF325CDDEFA000C468C /* User.swift in Sources */ = {isa = PBXBuildFile; fileRef = D6BF9DF225CDDEFA000C468C /* User.swift */; };
		D6BF9DF625CDE794000C468C /* CommonCell.swift in Sources */ = {isa = PBXBuildFile; fileRef = D6BF9DF525CDE794000C468C /* CommonCell.swift */; };
		D6BF9DF925CDF12D000C468C /* CommonButton.swift in Sources */ = {isa = PBXBuildFile; fileRef = D6BF9DF825CDF12D000C468C /* CommonButton.swift */; };
		D6BF9DFD25CDF605000C468C /* MyAddressesController.swift in Sources */ = {isa = PBXBuildFile; fileRef = D6BF9DFC25CDF605000C468C /* MyAddressesController.swift */; };
		D6BF9E0325CE7463000C468C /* Tariff.swift in Sources */ = {isa = PBXBuildFile; fileRef = D6BF9E0225CE7463000C468C /* Tariff.swift */; };
		D6BF9E0625CE7995000C468C /* FavoriteDestinationCell.swift in Sources */ = {isa = PBXBuildFile; fileRef = D6BF9E0525CE7995000C468C /* FavoriteDestinationCell.swift */; };
		D6BF9E0A25CE8854000C468C /* PaymentMethodsController.swift in Sources */ = {isa = PBXBuildFile; fileRef = D6BF9E0925CE8854000C468C /* PaymentMethodsController.swift */; };
		D6BF9E0F25CE8D32000C468C /* ConfigureRideController.swift in Sources */ = {isa = PBXBuildFile; fileRef = D6BF9E0E25CE8D32000C468C /* ConfigureRideController.swift */; };
		D6BF9E1425CE8EEF000C468C /* RidePointsView.swift in Sources */ = {isa = PBXBuildFile; fileRef = D6BF9E1325CE8EEF000C468C /* RidePointsView.swift */; };
		D6BF9E1725CE953B000C468C /* Ride.swift in Sources */ = {isa = PBXBuildFile; fileRef = D6BF9E1625CE953B000C468C /* Ride.swift */; };
		D6C1903826C1AA4100016A2C /* faceIdTestUITests.swift in Sources */ = {isa = PBXBuildFile; fileRef = D6C1903726C1AA4100016A2C /* faceIdTestUITests.swift */; };
		D6C1907526C24D5000016A2C /* Settings.swift in Sources */ = {isa = PBXBuildFile; fileRef = D60E48E925D44F7A00DCB6E7 /* Settings.swift */; };
		D6C1917026C2C1A700016A2C /* AccountManager.swift in Sources */ = {isa = PBXBuildFile; fileRef = D6A8FD5C25CA9658003B3412 /* AccountManager.swift */; };
		D6C192E026D0044D00016A2C /* ProductSearchViewController.swift in Sources */ = {isa = PBXBuildFile; fileRef = D6C192DF26D0044D00016A2C /* ProductSearchViewController.swift */; };
		D6C192E826D0124C00016A2C /* ProductSearchViewModel.swift in Sources */ = {isa = PBXBuildFile; fileRef = D6C192E726D0124C00016A2C /* ProductSearchViewModel.swift */; };
		D6C2423C266F88DA00CDB286 /* UILabel+Reactive.swift in Sources */ = {isa = PBXBuildFile; fileRef = D6C2423B266F88DA00CDB286 /* UILabel+Reactive.swift */; };
		D6CDD33825D7F34300D76EBE /* PinCodeController.swift in Sources */ = {isa = PBXBuildFile; fileRef = D6CDD33725D7F34300D76EBE /* PinCodeController.swift */; };
		D6D5B124260A0F3A00AE6A04 /* ConfirmCodeViewModelTests.swift in Sources */ = {isa = PBXBuildFile; fileRef = D6D5B123260A0F3A00AE6A04 /* ConfirmCodeViewModelTests.swift */; };
/* End PBXBuildFile section */

/* Begin PBXContainerItemProxy section */
		D6B1E37525E706440066C248 /* PBXContainerItemProxy */ = {
			isa = PBXContainerItemProxy;
			containerPortal = D698B55925C32E05004BAFF6 /* Project object */;
			proxyType = 1;
			remoteGlobalIDString = D698B56025C32E05004BAFF6;
			remoteInfo = faceIdTest;
		};
		D6C1903A26C1AA4100016A2C /* PBXContainerItemProxy */ = {
			isa = PBXContainerItemProxy;
			containerPortal = D698B55925C32E05004BAFF6 /* Project object */;
			proxyType = 1;
			remoteGlobalIDString = D698B56025C32E05004BAFF6;
			remoteInfo = faceIdTest;
		};
/* End PBXContainerItemProxy section */

/* Begin PBXFileReference section */
		17C33B70A6557510345D2C0A /* Pods-faceIdTestUITests.debug.xcconfig */ = {isa = PBXFileReference; includeInIndex = 1; lastKnownFileType = text.xcconfig; name = "Pods-faceIdTestUITests.debug.xcconfig"; path = "Target Support Files/Pods-faceIdTestUITests/Pods-faceIdTestUITests.debug.xcconfig"; sourceTree = "<group>"; };
		1C5BBA63F1322EE676B1258B /* Pods-faceIdTestTests.release.xcconfig */ = {isa = PBXFileReference; includeInIndex = 1; lastKnownFileType = text.xcconfig; name = "Pods-faceIdTestTests.release.xcconfig"; path = "Target Support Files/Pods-faceIdTestTests/Pods-faceIdTestTests.release.xcconfig"; sourceTree = "<group>"; };
		282C177B8A8C25DCD5827426 /* Pods-faceIdTest.release.xcconfig */ = {isa = PBXFileReference; includeInIndex = 1; lastKnownFileType = text.xcconfig; name = "Pods-faceIdTest.release.xcconfig"; path = "Target Support Files/Pods-faceIdTest/Pods-faceIdTest.release.xcconfig"; sourceTree = "<group>"; };
		29DEE608CE8498166CE4D760 /* Pods_faceIdTestTests.framework */ = {isa = PBXFileReference; explicitFileType = wrapper.framework; includeInIndex = 0; path = Pods_faceIdTestTests.framework; sourceTree = BUILT_PRODUCTS_DIR; };
		3E8E742D25245E936DAF5105 /* Pods-faceIdTest.debug.xcconfig */ = {isa = PBXFileReference; includeInIndex = 1; lastKnownFileType = text.xcconfig; name = "Pods-faceIdTest.debug.xcconfig"; path = "Target Support Files/Pods-faceIdTest/Pods-faceIdTest.debug.xcconfig"; sourceTree = "<group>"; };
		4716E0F11C83CA7472B36B94 /* Pods-faceIdTestUITests.release.xcconfig */ = {isa = PBXFileReference; includeInIndex = 1; lastKnownFileType = text.xcconfig; name = "Pods-faceIdTestUITests.release.xcconfig"; path = "Target Support Files/Pods-faceIdTestUITests/Pods-faceIdTestUITests.release.xcconfig"; sourceTree = "<group>"; };
		719048586F56FD096C1D931C /* Pods_faceIdTest.framework */ = {isa = PBXFileReference; explicitFileType = wrapper.framework; includeInIndex = 0; path = Pods_faceIdTest.framework; sourceTree = BUILT_PRODUCTS_DIR; };
		84C09ACFBB74D0ABF63B1FAF /* Pods-faceIdTestTests.debug.xcconfig */ = {isa = PBXFileReference; includeInIndex = 1; lastKnownFileType = text.xcconfig; name = "Pods-faceIdTestTests.debug.xcconfig"; path = "Target Support Files/Pods-faceIdTestTests/Pods-faceIdTestTests.debug.xcconfig"; sourceTree = "<group>"; };
		D60E48E925D44F7A00DCB6E7 /* Settings.swift */ = {isa = PBXFileReference; lastKnownFileType = sourcecode.swift; path = Settings.swift; sourceTree = "<group>"; };
		D61333D425E850ED00305626 /* SettingsViewController.swift */ = {isa = PBXFileReference; lastKnownFileType = sourcecode.swift; path = SettingsViewController.swift; sourceTree = "<group>"; };
		D61333D925E8CC1500305626 /* ToggleCell.swift */ = {isa = PBXFileReference; lastKnownFileType = sourcecode.swift; path = ToggleCell.swift; sourceTree = "<group>"; };
		D61FEA5025D18DB400E528AD /* LeftAlignedCollectionViewFlowLayout.swift */ = {isa = PBXFileReference; lastKnownFileType = sourcecode.swift; path = LeftAlignedCollectionViewFlowLayout.swift; sourceTree = "<group>"; };
		D636C5DB25EE10B40004BC02 /* SettingsViewModel.swift */ = {isa = PBXFileReference; lastKnownFileType = sourcecode.swift; path = SettingsViewModel.swift; sourceTree = "<group>"; };
		D636C5DF25EE10D20004BC02 /* SettingsCoordinator.swift */ = {isa = PBXFileReference; lastKnownFileType = sourcecode.swift; path = SettingsCoordinator.swift; sourceTree = "<group>"; };
		D68ECB7F25D09F4B00F38294 /* Card.swift */ = {isa = PBXFileReference; lastKnownFileType = sourcecode.swift; path = Card.swift; sourceTree = "<group>"; };
		D698B56125C32E05004BAFF6 /* faceIdTest.app */ = {isa = PBXFileReference; explicitFileType = wrapper.application; includeInIndex = 0; path = faceIdTest.app; sourceTree = BUILT_PRODUCTS_DIR; };
		D698B56625C32E05004BAFF6 /* SceneDelegate.swift */ = {isa = PBXFileReference; lastKnownFileType = sourcecode.swift; path = SceneDelegate.swift; sourceTree = "<group>"; };
		D698B56B25C32E05004BAFF6 /* Base */ = {isa = PBXFileReference; lastKnownFileType = file.storyboard; name = Base; path = Base.lproj/Main.storyboard; sourceTree = "<group>"; };
		D698B56D25C32E13004BAFF6 /* Assets.xcassets */ = {isa = PBXFileReference; lastKnownFileType = folder.assetcatalog; path = Assets.xcassets; sourceTree = "<group>"; };
		D698B57025C32E13004BAFF6 /* Base */ = {isa = PBXFileReference; lastKnownFileType = file.storyboard; name = Base; path = Base.lproj/LaunchScreen.storyboard; sourceTree = "<group>"; };
		D698B57225C32E13004BAFF6 /* Info.plist */ = {isa = PBXFileReference; lastKnownFileType = text.plist.xml; path = Info.plist; sourceTree = "<group>"; };
		D699F82D25CC3F7D001E7577 /* TariffCell.swift */ = {isa = PBXFileReference; lastKnownFileType = sourcecode.swift; path = TariffCell.swift; sourceTree = "<group>"; };
		D699F86425CC41C8001E7577 /* TariffSliderCell.swift */ = {isa = PBXFileReference; lastKnownFileType = sourcecode.swift; path = TariffSliderCell.swift; sourceTree = "<group>"; };
		D69FEE5926A4915100B3B226 /* en */ = {isa = PBXFileReference; lastKnownFileType = text.plist.strings; name = en; path = en.lproj/Localizable.strings; sourceTree = "<group>"; };
		D69FEE6826A491C800B3B226 /* es */ = {isa = PBXFileReference; lastKnownFileType = text.plist.strings; name = es; path = es.lproj/Main.strings; sourceTree = "<group>"; };
		D69FEE6926A491CA00B3B226 /* es */ = {isa = PBXFileReference; lastKnownFileType = text.plist.strings; name = es; path = es.lproj/LaunchScreen.strings; sourceTree = "<group>"; };
		D69FEE6A26A491CA00B3B226 /* es */ = {isa = PBXFileReference; lastKnownFileType = text.plist.strings; name = es; path = es.lproj/Localizable.strings; sourceTree = "<group>"; };
		D69FEE6D26A4934500B3B226 /* ru */ = {isa = PBXFileReference; lastKnownFileType = text.plist.strings; name = ru; path = ru.lproj/Main.strings; sourceTree = "<group>"; };
		D69FEE6E26A4934500B3B226 /* ru */ = {isa = PBXFileReference; lastKnownFileType = text.plist.strings; name = ru; path = ru.lproj/LaunchScreen.strings; sourceTree = "<group>"; };
		D69FEE6F26A4934500B3B226 /* ru */ = {isa = PBXFileReference; lastKnownFileType = text.plist.strings; name = ru; path = ru.lproj/Localizable.strings; sourceTree = "<group>"; };
		D69FEE8326A4AB6500B3B226 /* el */ = {isa = PBXFileReference; lastKnownFileType = text.plist.strings; name = el; path = el.lproj/Main.strings; sourceTree = "<group>"; };
		D69FEE8426A4AB6500B3B226 /* el */ = {isa = PBXFileReference; lastKnownFileType = text.plist.strings; name = el; path = el.lproj/LaunchScreen.strings; sourceTree = "<group>"; };
		D69FEE8526A4AB6600B3B226 /* el */ = {isa = PBXFileReference; lastKnownFileType = text.plist.strings; name = el; path = el.lproj/Localizable.strings; sourceTree = "<group>"; };
		D69FEE8B26A4AD8200B3B226 /* Strings.swift */ = {isa = PBXFileReference; fileEncoding = 4; lastKnownFileType = sourcecode.swift; path = Strings.swift; sourceTree = "<group>"; };
		D69FEE8C26A4AD8200B3B226 /* Assets.swift */ = {isa = PBXFileReference; fileEncoding = 4; lastKnownFileType = sourcecode.swift; path = Assets.swift; sourceTree = "<group>"; };
		D69FEE9326A8345100B3B226 /* PinFlowTests.swift */ = {isa = PBXFileReference; lastKnownFileType = sourcecode.swift; path = PinFlowTests.swift; sourceTree = "<group>"; };
		D69FEE9726A835A500B3B226 /* LoginViewModelTests.swift */ = {isa = PBXFileReference; lastKnownFileType = sourcecode.swift; path = LoginViewModelTests.swift; sourceTree = "<group>"; };
		D69FEE9B26A87F2E00B3B226 /* AuthCoordinatorTests.swift */ = {isa = PBXFileReference; lastKnownFileType = sourcecode.swift; path = AuthCoordinatorTests.swift; sourceTree = "<group>"; };
		D69FEEC226AA831800B3B226 /* GeocodedLocationProvider.swift */ = {isa = PBXFileReference; lastKnownFileType = sourcecode.swift; path = GeocodedLocationProvider.swift; sourceTree = "<group>"; };
		D6A0E11825CB48A000C8717A /* UserService.swift */ = {isa = PBXFileReference; lastKnownFileType = sourcecode.swift; path = UserService.swift; sourceTree = "<group>"; };
		D6A0E11C25CB48ED00C8717A /* Address.swift */ = {isa = PBXFileReference; lastKnownFileType = sourcecode.swift; path = Address.swift; sourceTree = "<group>"; };
		D6A0E12125CBD92000C8717A /* MapViewModel.swift */ = {isa = PBXFileReference; lastKnownFileType = sourcecode.swift; path = MapViewModel.swift; sourceTree = "<group>"; };
		D6A0E12425CBD94000C8717A /* MapCoordinator.swift */ = {isa = PBXFileReference; lastKnownFileType = sourcecode.swift; path = MapCoordinator.swift; sourceTree = "<group>"; };
		D6A0E12A25CBE00B00C8717A /* IVPopupController.swift */ = {isa = PBXFileReference; fileEncoding = 4; lastKnownFileType = sourcecode.swift; path = IVPopupController.swift; sourceTree = "<group>"; };
		D6A0E12D25CBE9EF00C8717A /* ProfileViewController.swift */ = {isa = PBXFileReference; lastKnownFileType = sourcecode.swift; path = ProfileViewController.swift; sourceTree = "<group>"; };
		D6A8FD4725CA95B3003B3412 /* AppCoordinator.swift */ = {isa = PBXFileReference; fileEncoding = 4; lastKnownFileType = sourcecode.swift; path = AppCoordinator.swift; sourceTree = "<group>"; };
		D6A8FD4825CA95B3003B3412 /* AppDelegate.swift */ = {isa = PBXFileReference; fileEncoding = 4; lastKnownFileType = sourcecode.swift; path = AppDelegate.swift; sourceTree = "<group>"; };
		D6A8FD5425CA964F003B3412 /* Color.swift */ = {isa = PBXFileReference; fileEncoding = 4; lastKnownFileType = sourcecode.swift; path = Color.swift; sourceTree = "<group>"; };
		D6A8FD5525CA964F003B3412 /* Font.swift */ = {isa = PBXFileReference; fileEncoding = 4; lastKnownFileType = sourcecode.swift; path = Font.swift; sourceTree = "<group>"; };
		D6A8FD5625CA964F003B3412 /* BaseViewController.swift */ = {isa = PBXFileReference; fileEncoding = 4; lastKnownFileType = sourcecode.swift; path = BaseViewController.swift; sourceTree = "<group>"; };
		D6A8FD5C25CA9658003B3412 /* AccountManager.swift */ = {isa = PBXFileReference; fileEncoding = 4; lastKnownFileType = sourcecode.swift; path = AccountManager.swift; sourceTree = "<group>"; };
		D6A8FD5D25CA9658003B3412 /* Coordinator.swift */ = {isa = PBXFileReference; fileEncoding = 4; lastKnownFileType = sourcecode.swift; path = Coordinator.swift; sourceTree = "<group>"; };
		D6A8FD7325CA981C003B3412 /* AuthCoordinator.swift */ = {isa = PBXFileReference; fileEncoding = 4; lastKnownFileType = sourcecode.swift; name = AuthCoordinator.swift; path = faceIdTest/Flows/Auth/Login/AuthCoordinator.swift; sourceTree = SOURCE_ROOT; };
		D6A8FD7425CA981D003B3412 /* ConfirmCodeViewModel.swift */ = {isa = PBXFileReference; fileEncoding = 4; lastKnownFileType = sourcecode.swift; name = ConfirmCodeViewModel.swift; path = faceIdTest/Flows/Auth/Code/ConfirmCodeViewModel.swift; sourceTree = SOURCE_ROOT; };
		D6A8FD7525CA981D003B3412 /* ConfirmCodeViewController.swift */ = {isa = PBXFileReference; fileEncoding = 4; lastKnownFileType = sourcecode.swift; name = ConfirmCodeViewController.swift; path = faceIdTest/Flows/Auth/Code/ConfirmCodeViewController.swift; sourceTree = SOURCE_ROOT; };
		D6A8FD7625CA981D003B3412 /* LoginViewModel.swift */ = {isa = PBXFileReference; fileEncoding = 4; lastKnownFileType = sourcecode.swift; name = LoginViewModel.swift; path = faceIdTest/Flows/Auth/Login/LoginViewModel.swift; sourceTree = SOURCE_ROOT; };
		D6A8FD7725CA981D003B3412 /* LoginViewController.swift */ = {isa = PBXFileReference; fileEncoding = 4; lastKnownFileType = sourcecode.swift; name = LoginViewController.swift; path = faceIdTest/Flows/Auth/Login/LoginViewController.swift; sourceTree = SOURCE_ROOT; };
		D6A8FD8125CA98C1003B3412 /* AuthService.swift */ = {isa = PBXFileReference; lastKnownFileType = sourcecode.swift; path = AuthService.swift; sourceTree = "<group>"; };
		D6A8FDB025CADA2B003B3412 /* ConfirmCodeCoordinator.swift */ = {isa = PBXFileReference; lastKnownFileType = sourcecode.swift; path = ConfirmCodeCoordinator.swift; sourceTree = "<group>"; };
		D6A8FDB825CAE279003B3412 /* PersonalDataViewController.swift */ = {isa = PBXFileReference; lastKnownFileType = sourcecode.swift; path = PersonalDataViewController.swift; sourceTree = "<group>"; };
		D6A8FDC025CAE7CA003B3412 /* MapViewController.swift */ = {isa = PBXFileReference; lastKnownFileType = sourcecode.swift; path = MapViewController.swift; sourceTree = "<group>"; };
		D6A8FDC525CAF279003B3412 /* BasePopover.swift */ = {isa = PBXFileReference; fileEncoding = 4; lastKnownFileType = sourcecode.swift; path = BasePopover.swift; sourceTree = "<group>"; };
		D6A8FDC825CAF370003B3412 /* RideOptionsController.swift */ = {isa = PBXFileReference; lastKnownFileType = sourcecode.swift; path = RideOptionsController.swift; sourceTree = "<group>"; };
		D6AFF5C325DE688200CC5CE3 /* PinPadItem.swift */ = {isa = PBXFileReference; lastKnownFileType = sourcecode.swift; path = PinPadItem.swift; sourceTree = "<group>"; };
		D6AFF5C725DE693600CC5CE3 /* DotsField.swift */ = {isa = PBXFileReference; lastKnownFileType = sourcecode.swift; path = DotsField.swift; sourceTree = "<group>"; };
		D6AFF5CA25DE6C5D00CC5CE3 /* EnablePinCoordinator.swift */ = {isa = PBXFileReference; lastKnownFileType = sourcecode.swift; path = EnablePinCoordinator.swift; sourceTree = "<group>"; };
		D6AFF5CE25DFD16400CC5CE3 /* PinCodeViewModel.swift */ = {isa = PBXFileReference; lastKnownFileType = sourcecode.swift; path = PinCodeViewModel.swift; sourceTree = "<group>"; };
		D6B1E37025E706440066C248 /* faceIdTestTests.xctest */ = {isa = PBXFileReference; explicitFileType = wrapper.cfbundle; includeInIndex = 0; path = faceIdTestTests.xctest; sourceTree = BUILT_PRODUCTS_DIR; };
		D6B1E37225E706440066C248 /* faceIdTestTests.swift */ = {isa = PBXFileReference; lastKnownFileType = sourcecode.swift; path = faceIdTestTests.swift; sourceTree = "<group>"; };
		D6B1E37425E706440066C248 /* Info.plist */ = {isa = PBXFileReference; lastKnownFileType = text.plist.xml; path = Info.plist; sourceTree = "<group>"; };
		D6B1E37C25E706540066C248 /* PinTypeTests.swift */ = {isa = PBXFileReference; lastKnownFileType = sourcecode.swift; path = PinTypeTests.swift; sourceTree = "<group>"; };
		D6BF9DEF25CDDD37000C468C /* ProfileHeaderCell.swift */ = {isa = PBXFileReference; lastKnownFileType = sourcecode.swift; path = ProfileHeaderCell.swift; sourceTree = "<group>"; };
		D6BF9DF225CDDEFA000C468C /* User.swift */ = {isa = PBXFileReference; lastKnownFileType = sourcecode.swift; path = User.swift; sourceTree = "<group>"; };
		D6BF9DF525CDE794000C468C /* CommonCell.swift */ = {isa = PBXFileReference; lastKnownFileType = sourcecode.swift; path = CommonCell.swift; sourceTree = "<group>"; };
		D6BF9DF825CDF12D000C468C /* CommonButton.swift */ = {isa = PBXFileReference; lastKnownFileType = sourcecode.swift; path = CommonButton.swift; sourceTree = "<group>"; };
		D6BF9DFC25CDF605000C468C /* MyAddressesController.swift */ = {isa = PBXFileReference; lastKnownFileType = sourcecode.swift; path = MyAddressesController.swift; sourceTree = "<group>"; };
		D6BF9E0225CE7463000C468C /* Tariff.swift */ = {isa = PBXFileReference; lastKnownFileType = sourcecode.swift; path = Tariff.swift; sourceTree = "<group>"; };
		D6BF9E0525CE7995000C468C /* FavoriteDestinationCell.swift */ = {isa = PBXFileReference; lastKnownFileType = sourcecode.swift; path = FavoriteDestinationCell.swift; sourceTree = "<group>"; };
		D6BF9E0925CE8854000C468C /* PaymentMethodsController.swift */ = {isa = PBXFileReference; lastKnownFileType = sourcecode.swift; path = PaymentMethodsController.swift; sourceTree = "<group>"; };
		D6BF9E0E25CE8D32000C468C /* ConfigureRideController.swift */ = {isa = PBXFileReference; lastKnownFileType = sourcecode.swift; path = ConfigureRideController.swift; sourceTree = "<group>"; };
		D6BF9E1325CE8EEF000C468C /* RidePointsView.swift */ = {isa = PBXFileReference; lastKnownFileType = sourcecode.swift; path = RidePointsView.swift; sourceTree = "<group>"; };
		D6BF9E1625CE953B000C468C /* Ride.swift */ = {isa = PBXFileReference; lastKnownFileType = sourcecode.swift; path = Ride.swift; sourceTree = "<group>"; };
		D6C1903526C1AA4100016A2C /* faceIdTestUITests.xctest */ = {isa = PBXFileReference; explicitFileType = wrapper.cfbundle; includeInIndex = 0; path = faceIdTestUITests.xctest; sourceTree = BUILT_PRODUCTS_DIR; };
		D6C1903726C1AA4100016A2C /* faceIdTestUITests.swift */ = {isa = PBXFileReference; lastKnownFileType = sourcecode.swift; path = faceIdTestUITests.swift; sourceTree = "<group>"; };
		D6C1903926C1AA4100016A2C /* Info.plist */ = {isa = PBXFileReference; lastKnownFileType = text.plist.xml; path = Info.plist; sourceTree = "<group>"; };
		D6C192DF26D0044D00016A2C /* ProductSearchViewController.swift */ = {isa = PBXFileReference; lastKnownFileType = sourcecode.swift; path = ProductSearchViewController.swift; sourceTree = "<group>"; };
		D6C192E726D0124C00016A2C /* ProductSearchViewModel.swift */ = {isa = PBXFileReference; lastKnownFileType = sourcecode.swift; path = ProductSearchViewModel.swift; sourceTree = "<group>"; };
		D6C2423B266F88DA00CDB286 /* UILabel+Reactive.swift */ = {isa = PBXFileReference; lastKnownFileType = sourcecode.swift; path = "UILabel+Reactive.swift"; sourceTree = "<group>"; };
		D6CDD33725D7F34300D76EBE /* PinCodeController.swift */ = {isa = PBXFileReference; lastKnownFileType = sourcecode.swift; path = PinCodeController.swift; sourceTree = "<group>"; };
		D6D5B123260A0F3A00AE6A04 /* ConfirmCodeViewModelTests.swift */ = {isa = PBXFileReference; lastKnownFileType = sourcecode.swift; path = ConfirmCodeViewModelTests.swift; sourceTree = "<group>"; };
		EF0D229882527E992DC9475E /* Pods_faceIdTestUITests.framework */ = {isa = PBXFileReference; explicitFileType = wrapper.framework; includeInIndex = 0; path = Pods_faceIdTestUITests.framework; sourceTree = BUILT_PRODUCTS_DIR; };
/* End PBXFileReference section */

/* Begin PBXFrameworksBuildPhase section */
		D698B55E25C32E05004BAFF6 /* Frameworks */ = {
			isa = PBXFrameworksBuildPhase;
			buildActionMask = 2147483647;
			files = (
				698A977CA0B29465FE95B766 /* Pods_faceIdTest.framework in Frameworks */,
			);
			runOnlyForDeploymentPostprocessing = 0;
		};
		D6B1E36D25E706440066C248 /* Frameworks */ = {
			isa = PBXFrameworksBuildPhase;
			buildActionMask = 2147483647;
			files = (
				8F890C8A6064F02EF34F5A47 /* Pods_faceIdTestTests.framework in Frameworks */,
			);
			runOnlyForDeploymentPostprocessing = 0;
		};
		D6C1903226C1AA4100016A2C /* Frameworks */ = {
			isa = PBXFrameworksBuildPhase;
			buildActionMask = 2147483647;
			files = (
				6D0F331B3CB165CB72A6D75C /* Pods_faceIdTestUITests.framework in Frameworks */,
			);
			runOnlyForDeploymentPostprocessing = 0;
		};
/* End PBXFrameworksBuildPhase section */

/* Begin PBXGroup section */
		6752B36F861844598D3B158E /* Pods */ = {
			isa = PBXGroup;
			children = (
				3E8E742D25245E936DAF5105 /* Pods-faceIdTest.debug.xcconfig */,
				282C177B8A8C25DCD5827426 /* Pods-faceIdTest.release.xcconfig */,
				84C09ACFBB74D0ABF63B1FAF /* Pods-faceIdTestTests.debug.xcconfig */,
				1C5BBA63F1322EE676B1258B /* Pods-faceIdTestTests.release.xcconfig */,
				17C33B70A6557510345D2C0A /* Pods-faceIdTestUITests.debug.xcconfig */,
				4716E0F11C83CA7472B36B94 /* Pods-faceIdTestUITests.release.xcconfig */,
			);
			path = Pods;
			sourceTree = "<group>";
		};
		A6DB38F8C952D449B9969307 /* Frameworks */ = {
			isa = PBXGroup;
			children = (
				719048586F56FD096C1D931C /* Pods_faceIdTest.framework */,
				29DEE608CE8498166CE4D760 /* Pods_faceIdTestTests.framework */,
				EF0D229882527E992DC9475E /* Pods_faceIdTestUITests.framework */,
			);
			name = Frameworks;
			sourceTree = "<group>";
		};
		D60E48E725D44F0A00DCB6E7 /* Settings */ = {
			isa = PBXGroup;
			children = (
				D61333D825E8CC0500305626 /* Cells */,
				D61333D425E850ED00305626 /* SettingsViewController.swift */,
				D636C5DB25EE10B40004BC02 /* SettingsViewModel.swift */,
				D636C5DF25EE10D20004BC02 /* SettingsCoordinator.swift */,
			);
			path = Settings;
			sourceTree = "<group>";
		};
		D61333D825E8CC0500305626 /* Cells */ = {
			isa = PBXGroup;
			children = (
				D61333D925E8CC1500305626 /* ToggleCell.swift */,
			);
			path = Cells;
			sourceTree = "<group>";
		};
		D698B55825C32E05004BAFF6 = {
			isa = PBXGroup;
			children = (
				D698B56325C32E05004BAFF6 /* faceIdTest */,
				D6B1E37125E706440066C248 /* faceIdTestTests */,
				D6C1903626C1AA4100016A2C /* faceIdTestUITests */,
				D698B56225C32E05004BAFF6 /* Products */,
				6752B36F861844598D3B158E /* Pods */,
				A6DB38F8C952D449B9969307 /* Frameworks */,
			);
			sourceTree = "<group>";
		};
		D698B56225C32E05004BAFF6 /* Products */ = {
			isa = PBXGroup;
			children = (
				D698B56125C32E05004BAFF6 /* faceIdTest.app */,
				D6B1E37025E706440066C248 /* faceIdTestTests.xctest */,
				D6C1903526C1AA4100016A2C /* faceIdTestUITests.xctest */,
			);
			name = Products;
			sourceTree = "<group>";
		};
		D698B56325C32E05004BAFF6 /* faceIdTest */ = {
			isa = PBXGroup;
			children = (
				D69FEE5126A490DD00B3B226 /* Resources */,
				D6C2423A266F88C000CDB286 /* Extensions */,
				D6BF9E1225CE8ECC000C468C /* Views */,
				D6A0E11B25CB48C400C8717A /* Model */,
				D6A8FD8025CA98AE003B3412 /* Services */,
				D6A8FD5225CA9609003B3412 /* Flows */,
				D6A8FD5125CA9605003B3412 /* CoreUI */,
				D6A8FD4E25CA95D2003B3412 /* Core */,
				D6A8FD4625CA95A6003B3412 /* AppDelegate */,
				D698B56625C32E05004BAFF6 /* SceneDelegate.swift */,
				D698B56A25C32E05004BAFF6 /* Main.storyboard */,
				D698B56D25C32E13004BAFF6 /* Assets.xcassets */,
				D698B56F25C32E13004BAFF6 /* LaunchScreen.storyboard */,
				D698B57225C32E13004BAFF6 /* Info.plist */,
			);
			path = faceIdTest;
			sourceTree = "<group>";
		};
		D699F82B25CC3F62001E7577 /* CreateRide */ = {
			isa = PBXGroup;
			children = (
				D699F82C25CC3F70001E7577 /* Cells */,
				D6A8FDC825CAF370003B3412 /* RideOptionsController.swift */,
			);
			path = CreateRide;
			sourceTree = "<group>";
		};
		D699F82C25CC3F70001E7577 /* Cells */ = {
			isa = PBXGroup;
			children = (
				D699F82D25CC3F7D001E7577 /* TariffCell.swift */,
				D699F86425CC41C8001E7577 /* TariffSliderCell.swift */,
			);
			path = Cells;
			sourceTree = "<group>";
		};
		D69FEE5126A490DD00B3B226 /* Resources */ = {
			isa = PBXGroup;
			children = (
				D69FEE8826A4ABD200B3B226 /* Generated */,
				D69FEE8226A4AB4500B3B226 /* Strings */,
			);
			path = Resources;
			sourceTree = "<group>";
		};
		D69FEE8226A4AB4500B3B226 /* Strings */ = {
			isa = PBXGroup;
			children = (
				D69FEE5A26A4915100B3B226 /* Localizable.strings */,
			);
			path = Strings;
			sourceTree = "<group>";
		};
		D69FEE8826A4ABD200B3B226 /* Generated */ = {
			isa = PBXGroup;
			children = (
				D69FEE8C26A4AD8200B3B226 /* Assets.swift */,
				D69FEE8B26A4AD8200B3B226 /* Strings.swift */,
			);
			path = Generated;
			sourceTree = "<group>";
		};
		D6A0E11B25CB48C400C8717A /* Model */ = {
			isa = PBXGroup;
			children = (
				D6A0E11C25CB48ED00C8717A /* Address.swift */,
				D6BF9DF225CDDEFA000C468C /* User.swift */,
				D6BF9E0225CE7463000C468C /* Tariff.swift */,
				D6BF9E1625CE953B000C468C /* Ride.swift */,
				D68ECB7F25D09F4B00F38294 /* Card.swift */,
			);
			path = Model;
			sourceTree = "<group>";
		};
		D6A0E12725CBDB3200C8717A /* Profile */ = {
			isa = PBXGroup;
			children = (
				D6A0E12D25CBE9EF00C8717A /* ProfileViewController.swift */,
				D6BF9DEF25CDDD37000C468C /* ProfileHeaderCell.swift */,
				D6BF9DF525CDE794000C468C /* CommonCell.swift */,
			);
			path = Profile;
			sourceTree = "<group>";
		};
		D6A0E12825CBDB4100C8717A /* RidesList */ = {
			isa = PBXGroup;
			children = (
			);
			path = RidesList;
			sourceTree = "<group>";
		};
		D6A8FD4625CA95A6003B3412 /* AppDelegate */ = {
			isa = PBXGroup;
			children = (
				D6A8FD4725CA95B3003B3412 /* AppCoordinator.swift */,
				D6A8FD4825CA95B3003B3412 /* AppDelegate.swift */,
			);
			path = AppDelegate;
			sourceTree = "<group>";
		};
		D6A8FD4E25CA95D2003B3412 /* Core */ = {
			isa = PBXGroup;
			children = (
				D6A8FD5C25CA9658003B3412 /* AccountManager.swift */,
				D6A8FD5D25CA9658003B3412 /* Coordinator.swift */,
				D60E48E925D44F7A00DCB6E7 /* Settings.swift */,
				D69FEEC226AA831800B3B226 /* GeocodedLocationProvider.swift */,
			);
			path = Core;
			sourceTree = "<group>";
		};
		D6A8FD5125CA9605003B3412 /* CoreUI */ = {
			isa = PBXGroup;
			children = (
				D6A0E12A25CBE00B00C8717A /* IVPopupController.swift */,
				D6A8FDC525CAF279003B3412 /* BasePopover.swift */,
				D6A8FD5625CA964F003B3412 /* BaseViewController.swift */,
				D6A8FD5425CA964F003B3412 /* Color.swift */,
				D6A8FD5525CA964F003B3412 /* Font.swift */,
				D6BF9DF825CDF12D000C468C /* CommonButton.swift */,
				D61FEA5025D18DB400E528AD /* LeftAlignedCollectionViewFlowLayout.swift */,
			);
			path = CoreUI;
			sourceTree = "<group>";
		};
		D6A8FD5225CA9609003B3412 /* Flows */ = {
			isa = PBXGroup;
			children = (
				D6C192DE26D0042E00016A2C /* Test_ProductSearch */,
				D6CDD33625D7F30600D76EBE /* Pin */,
				D60E48E725D44F0A00DCB6E7 /* Settings */,
				D6BF9E0D25CE8D10000C468C /* ConfigureRide */,
				D6BF9E0825CE881B000C468C /* PaymentMethods */,
				D6BF9DFB25CDF5B5000C468C /* MyAddresses */,
				D6A0E12825CBDB4100C8717A /* RidesList */,
				D6A0E12725CBDB3200C8717A /* Profile */,
				D699F82B25CC3F62001E7577 /* CreateRide */,
				D6A8FDBF25CAE7BA003B3412 /* Map */,
				D6A8FD6125CA96DF003B3412 /* Auth */,
			);
			path = Flows;
			sourceTree = "<group>";
		};
		D6A8FD6125CA96DF003B3412 /* Auth */ = {
			isa = PBXGroup;
			children = (
				D6A8FDBD25CAE2D0003B3412 /* PersonalData */,
				D6A8FDBC25CAE2CC003B3412 /* Code */,
				D6A8FDBB25CAE2C7003B3412 /* Login */,
			);
			path = Auth;
			sourceTree = "<group>";
		};
		D6A8FD8025CA98AE003B3412 /* Services */ = {
			isa = PBXGroup;
			children = (
				D6A8FD8125CA98C1003B3412 /* AuthService.swift */,
				D6A0E11825CB48A000C8717A /* UserService.swift */,
			);
			path = Services;
			sourceTree = "<group>";
		};
		D6A8FDBB25CAE2C7003B3412 /* Login */ = {
			isa = PBXGroup;
			children = (
				D6A8FD7325CA981C003B3412 /* AuthCoordinator.swift */,
				D6A8FD7725CA981D003B3412 /* LoginViewController.swift */,
				D6A8FD7625CA981D003B3412 /* LoginViewModel.swift */,
			);
			path = Login;
			sourceTree = "<group>";
		};
		D6A8FDBC25CAE2CC003B3412 /* Code */ = {
			isa = PBXGroup;
			children = (
				D6A8FD7525CA981D003B3412 /* ConfirmCodeViewController.swift */,
				D6A8FD7425CA981D003B3412 /* ConfirmCodeViewModel.swift */,
				D6A8FDB025CADA2B003B3412 /* ConfirmCodeCoordinator.swift */,
			);
			path = Code;
			sourceTree = "<group>";
		};
		D6A8FDBD25CAE2D0003B3412 /* PersonalData */ = {
			isa = PBXGroup;
			children = (
				D6A8FDB825CAE279003B3412 /* PersonalDataViewController.swift */,
			);
			path = PersonalData;
			sourceTree = "<group>";
		};
		D6A8FDBF25CAE7BA003B3412 /* Map */ = {
			isa = PBXGroup;
			children = (
				D6BF9E0025CE7234000C468C /* Views */,
				D6A8FDC025CAE7CA003B3412 /* MapViewController.swift */,
				D6A0E12125CBD92000C8717A /* MapViewModel.swift */,
				D6A0E12425CBD94000C8717A /* MapCoordinator.swift */,
			);
			path = Map;
			sourceTree = "<group>";
		};
		D6AFF5C225DE687200CC5CE3 /* Views */ = {
			isa = PBXGroup;
			children = (
				D6AFF5C325DE688200CC5CE3 /* PinPadItem.swift */,
				D6AFF5C725DE693600CC5CE3 /* DotsField.swift */,
			);
			path = Views;
			sourceTree = "<group>";
		};
		D6B1E37125E706440066C248 /* faceIdTestTests */ = {
			isa = PBXGroup;
			children = (
				D6B1E37225E706440066C248 /* faceIdTestTests.swift */,
				D6B1E37425E706440066C248 /* Info.plist */,
				D6B1E37C25E706540066C248 /* PinTypeTests.swift */,
				D6D5B123260A0F3A00AE6A04 /* ConfirmCodeViewModelTests.swift */,
				D69FEE9326A8345100B3B226 /* PinFlowTests.swift */,
				D69FEE9726A835A500B3B226 /* LoginViewModelTests.swift */,
				D69FEE9B26A87F2E00B3B226 /* AuthCoordinatorTests.swift */,
			);
			path = faceIdTestTests;
			sourceTree = "<group>";
		};
		D6BF9DFB25CDF5B5000C468C /* MyAddresses */ = {
			isa = PBXGroup;
			children = (
				D6BF9DFC25CDF605000C468C /* MyAddressesController.swift */,
			);
			path = MyAddresses;
			sourceTree = "<group>";
		};
		D6BF9E0025CE7234000C468C /* Views */ = {
			isa = PBXGroup;
			children = (
				D6BF9E0525CE7995000C468C /* FavoriteDestinationCell.swift */,
			);
			path = Views;
			sourceTree = "<group>";
		};
		D6BF9E0825CE881B000C468C /* PaymentMethods */ = {
			isa = PBXGroup;
			children = (
				D6BF9E0925CE8854000C468C /* PaymentMethodsController.swift */,
			);
			path = PaymentMethods;
			sourceTree = "<group>";
		};
		D6BF9E0D25CE8D10000C468C /* ConfigureRide */ = {
			isa = PBXGroup;
			children = (
				D6BF9E0E25CE8D32000C468C /* ConfigureRideController.swift */,
			);
			path = ConfigureRide;
			sourceTree = "<group>";
		};
		D6BF9E1225CE8ECC000C468C /* Views */ = {
			isa = PBXGroup;
			children = (
				D6BF9E1325CE8EEF000C468C /* RidePointsView.swift */,
			);
			path = Views;
			sourceTree = "<group>";
		};
		D6C1903626C1AA4100016A2C /* faceIdTestUITests */ = {
			isa = PBXGroup;
			children = (
				D6C1903726C1AA4100016A2C /* faceIdTestUITests.swift */,
				D6C1903926C1AA4100016A2C /* Info.plist */,
			);
			path = faceIdTestUITests;
			sourceTree = "<group>";
		};
		D6C192DE26D0042E00016A2C /* Test_ProductSearch */ = {
			isa = PBXGroup;
			children = (
				D6C192DF26D0044D00016A2C /* ProductSearchViewController.swift */,
				D6C192E726D0124C00016A2C /* ProductSearchViewModel.swift */,
			);
			path = Test_ProductSearch;
			sourceTree = "<group>";
		};
		D6C2423A266F88C000CDB286 /* Extensions */ = {
			isa = PBXGroup;
			children = (
				D6C2423B266F88DA00CDB286 /* UILabel+Reactive.swift */,
			);
			path = Extensions;
			sourceTree = "<group>";
		};
		D6CDD33625D7F30600D76EBE /* Pin */ = {
			isa = PBXGroup;
			children = (
				D6AFF5C225DE687200CC5CE3 /* Views */,
				D6CDD33725D7F34300D76EBE /* PinCodeController.swift */,
				D6AFF5CA25DE6C5D00CC5CE3 /* EnablePinCoordinator.swift */,
				D6AFF5CE25DFD16400CC5CE3 /* PinCodeViewModel.swift */,
			);
			path = Pin;
			sourceTree = "<group>";
		};
/* End PBXGroup section */

/* Begin PBXNativeTarget section */
		D698B56025C32E05004BAFF6 /* faceIdTest */ = {
			isa = PBXNativeTarget;
			buildConfigurationList = D698B57525C32E13004BAFF6 /* Build configuration list for PBXNativeTarget "faceIdTest" */;
			buildPhases = (
				68371D1752E878F35B823EDD /* [CP] Check Pods Manifest.lock */,
				D69FEE7F26A495A400B3B226 /* Swiftgen */,
				D698B55D25C32E05004BAFF6 /* Sources */,
				D698B55E25C32E05004BAFF6 /* Frameworks */,
				D698B55F25C32E05004BAFF6 /* Resources */,
				845421103AF9AF4B7FA2082F /* [CP] Embed Pods Frameworks */,
			);
			buildRules = (
			);
			dependencies = (
			);
			name = faceIdTest;
			productName = faceIdTest;
			productReference = D698B56125C32E05004BAFF6 /* faceIdTest.app */;
			productType = "com.apple.product-type.application";
		};
		D6B1E36F25E706440066C248 /* faceIdTestTests */ = {
			isa = PBXNativeTarget;
			buildConfigurationList = D6B1E37925E706440066C248 /* Build configuration list for PBXNativeTarget "faceIdTestTests" */;
			buildPhases = (
				65D49998EE179D258B5044F0 /* [CP] Check Pods Manifest.lock */,
				D6B1E36C25E706440066C248 /* Sources */,
				D6B1E36D25E706440066C248 /* Frameworks */,
				D6B1E36E25E706440066C248 /* Resources */,
				BE43FF42A4F0866F2A5247FA /* [CP] Embed Pods Frameworks */,
			);
			buildRules = (
			);
			dependencies = (
				D6B1E37625E706440066C248 /* PBXTargetDependency */,
			);
			name = faceIdTestTests;
			productName = faceIdTestTests;
			productReference = D6B1E37025E706440066C248 /* faceIdTestTests.xctest */;
			productType = "com.apple.product-type.bundle.unit-test";
		};
		D6C1903426C1AA4100016A2C /* faceIdTestUITests */ = {
			isa = PBXNativeTarget;
			buildConfigurationList = D6C1903E26C1AA4100016A2C /* Build configuration list for PBXNativeTarget "faceIdTestUITests" */;
			buildPhases = (
				E459759653AFF66A862D8C08 /* [CP] Check Pods Manifest.lock */,
				D6C1903126C1AA4100016A2C /* Sources */,
				D6C1903226C1AA4100016A2C /* Frameworks */,
				D6C1903326C1AA4100016A2C /* Resources */,
				DA29AE4D737DFA5693542742 /* [CP] Embed Pods Frameworks */,
			);
			buildRules = (
			);
			dependencies = (
				D6C1903B26C1AA4100016A2C /* PBXTargetDependency */,
			);
			name = faceIdTestUITests;
			productName = faceIdTestUITests;
			productReference = D6C1903526C1AA4100016A2C /* faceIdTestUITests.xctest */;
			productType = "com.apple.product-type.bundle.ui-testing";
		};
/* End PBXNativeTarget section */

/* Begin PBXProject section */
		D698B55925C32E05004BAFF6 /* Project object */ = {
			isa = PBXProject;
			attributes = {
				LastSwiftUpdateCheck = 1220;
				LastUpgradeCheck = 1220;
				TargetAttributes = {
					D698B56025C32E05004BAFF6 = {
						CreatedOnToolsVersion = 12.2;
					};
					D6B1E36F25E706440066C248 = {
						CreatedOnToolsVersion = 12.2;
						TestTargetID = D698B56025C32E05004BAFF6;
					};
					D6C1903426C1AA4100016A2C = {
						CreatedOnToolsVersion = 12.2;
						TestTargetID = D698B56025C32E05004BAFF6;
					};
				};
			};
			buildConfigurationList = D698B55C25C32E05004BAFF6 /* Build configuration list for PBXProject "faceIdTest" */;
			compatibilityVersion = "Xcode 9.3";
			developmentRegion = en;
			hasScannedForEncodings = 0;
			knownRegions = (
				en,
				Base,
				es,
				ru,
				el,
			);
			mainGroup = D698B55825C32E05004BAFF6;
			productRefGroup = D698B56225C32E05004BAFF6 /* Products */;
			projectDirPath = "";
			projectRoot = "";
			targets = (
				D698B56025C32E05004BAFF6 /* faceIdTest */,
				D6B1E36F25E706440066C248 /* faceIdTestTests */,
				D6C1903426C1AA4100016A2C /* faceIdTestUITests */,
			);
		};
/* End PBXProject section */

/* Begin PBXResourcesBuildPhase section */
		D698B55F25C32E05004BAFF6 /* Resources */ = {
			isa = PBXResourcesBuildPhase;
			buildActionMask = 2147483647;
			files = (
				D698B57125C32E13004BAFF6 /* LaunchScreen.storyboard in Resources */,
				D69FEE5826A4915100B3B226 /* Localizable.strings in Resources */,
				D698B56E25C32E13004BAFF6 /* Assets.xcassets in Resources */,
				D698B56C25C32E05004BAFF6 /* Main.storyboard in Resources */,
			);
			runOnlyForDeploymentPostprocessing = 0;
		};
		D6B1E36E25E706440066C248 /* Resources */ = {
			isa = PBXResourcesBuildPhase;
			buildActionMask = 2147483647;
			files = (
			);
			runOnlyForDeploymentPostprocessing = 0;
		};
		D6C1903326C1AA4100016A2C /* Resources */ = {
			isa = PBXResourcesBuildPhase;
			buildActionMask = 2147483647;
			files = (
			);
			runOnlyForDeploymentPostprocessing = 0;
		};
/* End PBXResourcesBuildPhase section */

/* Begin PBXShellScriptBuildPhase section */
		65D49998EE179D258B5044F0 /* [CP] Check Pods Manifest.lock */ = {
			isa = PBXShellScriptBuildPhase;
			buildActionMask = 2147483647;
			files = (
			);
			inputFileListPaths = (
			);
			inputPaths = (
				"${PODS_PODFILE_DIR_PATH}/Podfile.lock",
				"${PODS_ROOT}/Manifest.lock",
			);
			name = "[CP] Check Pods Manifest.lock";
			outputFileListPaths = (
			);
			outputPaths = (
				"$(DERIVED_FILE_DIR)/Pods-faceIdTestTests-checkManifestLockResult.txt",
			);
			runOnlyForDeploymentPostprocessing = 0;
			shellPath = /bin/sh;
			shellScript = "diff \"${PODS_PODFILE_DIR_PATH}/Podfile.lock\" \"${PODS_ROOT}/Manifest.lock\" > /dev/null\nif [ $? != 0 ] ; then\n    # print error to STDERR\n    echo \"error: The sandbox is not in sync with the Podfile.lock. Run 'pod install' or update your CocoaPods installation.\" >&2\n    exit 1\nfi\n# This output is used by Xcode 'outputs' to avoid re-running this script phase.\necho \"SUCCESS\" > \"${SCRIPT_OUTPUT_FILE_0}\"\n";
			showEnvVarsInLog = 0;
		};
		68371D1752E878F35B823EDD /* [CP] Check Pods Manifest.lock */ = {
			isa = PBXShellScriptBuildPhase;
			buildActionMask = 2147483647;
			files = (
			);
			inputFileListPaths = (
			);
			inputPaths = (
				"${PODS_PODFILE_DIR_PATH}/Podfile.lock",
				"${PODS_ROOT}/Manifest.lock",
			);
			name = "[CP] Check Pods Manifest.lock";
			outputFileListPaths = (
			);
			outputPaths = (
				"$(DERIVED_FILE_DIR)/Pods-faceIdTest-checkManifestLockResult.txt",
			);
			runOnlyForDeploymentPostprocessing = 0;
			shellPath = /bin/sh;
			shellScript = "diff \"${PODS_PODFILE_DIR_PATH}/Podfile.lock\" \"${PODS_ROOT}/Manifest.lock\" > /dev/null\nif [ $? != 0 ] ; then\n    # print error to STDERR\n    echo \"error: The sandbox is not in sync with the Podfile.lock. Run 'pod install' or update your CocoaPods installation.\" >&2\n    exit 1\nfi\n# This output is used by Xcode 'outputs' to avoid re-running this script phase.\necho \"SUCCESS\" > \"${SCRIPT_OUTPUT_FILE_0}\"\n";
			showEnvVarsInLog = 0;
		};
		845421103AF9AF4B7FA2082F /* [CP] Embed Pods Frameworks */ = {
			isa = PBXShellScriptBuildPhase;
			buildActionMask = 2147483647;
			files = (
			);
			inputFileListPaths = (
				"${PODS_ROOT}/Target Support Files/Pods-faceIdTest/Pods-faceIdTest-frameworks-${CONFIGURATION}-input-files.xcfilelist",
			);
			name = "[CP] Embed Pods Frameworks";
			outputFileListPaths = (
				"${PODS_ROOT}/Target Support Files/Pods-faceIdTest/Pods-faceIdTest-frameworks-${CONFIGURATION}-output-files.xcfilelist",
			);
			runOnlyForDeploymentPostprocessing = 0;
			shellPath = /bin/sh;
			shellScript = "\"${PODS_ROOT}/Target Support Files/Pods-faceIdTest/Pods-faceIdTest-frameworks.sh\"\n";
			showEnvVarsInLog = 0;
		};
		BE43FF42A4F0866F2A5247FA /* [CP] Embed Pods Frameworks */ = {
			isa = PBXShellScriptBuildPhase;
			buildActionMask = 2147483647;
			files = (
			);
			inputFileListPaths = (
				"${PODS_ROOT}/Target Support Files/Pods-faceIdTestTests/Pods-faceIdTestTests-frameworks-${CONFIGURATION}-input-files.xcfilelist",
			);
			name = "[CP] Embed Pods Frameworks";
			outputFileListPaths = (
				"${PODS_ROOT}/Target Support Files/Pods-faceIdTestTests/Pods-faceIdTestTests-frameworks-${CONFIGURATION}-output-files.xcfilelist",
			);
			runOnlyForDeploymentPostprocessing = 0;
			shellPath = /bin/sh;
			shellScript = "\"${PODS_ROOT}/Target Support Files/Pods-faceIdTestTests/Pods-faceIdTestTests-frameworks.sh\"\n";
			showEnvVarsInLog = 0;
		};
		D69FEE7F26A495A400B3B226 /* Swiftgen */ = {
			isa = PBXShellScriptBuildPhase;
			buildActionMask = 2147483647;
			files = (
			);
			inputFileListPaths = (
			);
			inputPaths = (
			);
			name = Swiftgen;
			outputFileListPaths = (
			);
			outputPaths = (
			);
			runOnlyForDeploymentPostprocessing = 0;
			shellPath = /bin/sh;
			shellScript = "\"$PODS_ROOT\"/SwiftGen/bin/swiftgen\n";
		};
		DA29AE4D737DFA5693542742 /* [CP] Embed Pods Frameworks */ = {
			isa = PBXShellScriptBuildPhase;
			buildActionMask = 2147483647;
			files = (
			);
			inputFileListPaths = (
				"${PODS_ROOT}/Target Support Files/Pods-faceIdTestUITests/Pods-faceIdTestUITests-frameworks-${CONFIGURATION}-input-files.xcfilelist",
			);
			name = "[CP] Embed Pods Frameworks";
			outputFileListPaths = (
				"${PODS_ROOT}/Target Support Files/Pods-faceIdTestUITests/Pods-faceIdTestUITests-frameworks-${CONFIGURATION}-output-files.xcfilelist",
			);
			runOnlyForDeploymentPostprocessing = 0;
			shellPath = /bin/sh;
			shellScript = "\"${PODS_ROOT}/Target Support Files/Pods-faceIdTestUITests/Pods-faceIdTestUITests-frameworks.sh\"\n";
			showEnvVarsInLog = 0;
		};
		E459759653AFF66A862D8C08 /* [CP] Check Pods Manifest.lock */ = {
			isa = PBXShellScriptBuildPhase;
			buildActionMask = 2147483647;
			files = (
			);
			inputFileListPaths = (
			);
			inputPaths = (
				"${PODS_PODFILE_DIR_PATH}/Podfile.lock",
				"${PODS_ROOT}/Manifest.lock",
			);
			name = "[CP] Check Pods Manifest.lock";
			outputFileListPaths = (
			);
			outputPaths = (
				"$(DERIVED_FILE_DIR)/Pods-faceIdTestUITests-checkManifestLockResult.txt",
			);
			runOnlyForDeploymentPostprocessing = 0;
			shellPath = /bin/sh;
			shellScript = "diff \"${PODS_PODFILE_DIR_PATH}/Podfile.lock\" \"${PODS_ROOT}/Manifest.lock\" > /dev/null\nif [ $? != 0 ] ; then\n    # print error to STDERR\n    echo \"error: The sandbox is not in sync with the Podfile.lock. Run 'pod install' or update your CocoaPods installation.\" >&2\n    exit 1\nfi\n# This output is used by Xcode 'outputs' to avoid re-running this script phase.\necho \"SUCCESS\" > \"${SCRIPT_OUTPUT_FILE_0}\"\n";
			showEnvVarsInLog = 0;
		};
/* End PBXShellScriptBuildPhase section */

/* Begin PBXSourcesBuildPhase section */
		D698B55D25C32E05004BAFF6 /* Sources */ = {
			isa = PBXSourcesBuildPhase;
			buildActionMask = 2147483647;
			files = (
				D6A0E12525CBD94000C8717A /* MapCoordinator.swift in Sources */,
				D61333DA25E8CC1500305626 /* ToggleCell.swift in Sources */,
				D69FEE8E26A4AD8200B3B226 /* Assets.swift in Sources */,
				D6A8FDB925CAE279003B3412 /* PersonalDataViewController.swift in Sources */,
				D6AFF5CB25DE6C5D00CC5CE3 /* EnablePinCoordinator.swift in Sources */,
				D61333D525E850ED00305626 /* SettingsViewController.swift in Sources */,
				D6A8FD7C25CA981D003B3412 /* LoginViewController.swift in Sources */,
				D6A8FDC625CAF279003B3412 /* BasePopover.swift in Sources */,
				D6BF9E1425CE8EEF000C468C /* RidePointsView.swift in Sources */,
				D6A8FD7A25CA981D003B3412 /* ConfirmCodeViewController.swift in Sources */,
				D6A0E12B25CBE00B00C8717A /* IVPopupController.swift in Sources */,
				D68ECB8025D09F4B00F38294 /* Card.swift in Sources */,
				D6C192E026D0044D00016A2C /* ProductSearchViewController.swift in Sources */,
				D6A8FD4925CA95B3003B3412 /* AppCoordinator.swift in Sources */,
				D6A8FD7925CA981D003B3412 /* ConfirmCodeViewModel.swift in Sources */,
				D6C192E826D0124C00016A2C /* ProductSearchViewModel.swift in Sources */,
				D6AFF5CF25DFD16400CC5CE3 /* PinCodeViewModel.swift in Sources */,
				D61FEA5125D18DB400E528AD /* LeftAlignedCollectionViewFlowLayout.swift in Sources */,
				D6A8FD7825CA981D003B3412 /* AuthCoordinator.swift in Sources */,
				D69FEEC326AA831800B3B226 /* GeocodedLocationProvider.swift in Sources */,
				D6CDD33825D7F34300D76EBE /* PinCodeController.swift in Sources */,
				D6BF9E0F25CE8D32000C468C /* ConfigureRideController.swift in Sources */,
				D6A8FD5825CA9650003B3412 /* Color.swift in Sources */,
				D6A0E11D25CB48ED00C8717A /* Address.swift in Sources */,
				D6A8FD7B25CA981D003B3412 /* LoginViewModel.swift in Sources */,
				D6C2423C266F88DA00CDB286 /* UILabel+Reactive.swift in Sources */,
				D636C5DC25EE10B40004BC02 /* SettingsViewModel.swift in Sources */,
				D6A0E12E25CBE9EF00C8717A /* ProfileViewController.swift in Sources */,
				D6BF9DF925CDF12D000C468C /* CommonButton.swift in Sources */,
				D6BF9E0325CE7463000C468C /* Tariff.swift in Sources */,
				D6BF9DFD25CDF605000C468C /* MyAddressesController.swift in Sources */,
				D6A8FDB125CADA2B003B3412 /* ConfirmCodeCoordinator.swift in Sources */,
				D6BF9DF025CDDD37000C468C /* ProfileHeaderCell.swift in Sources */,
				D698B56725C32E05004BAFF6 /* SceneDelegate.swift in Sources */,
				D6BF9E0A25CE8854000C468C /* PaymentMethodsController.swift in Sources */,
				D6A8FD5925CA9650003B3412 /* Font.swift in Sources */,
				D69FEE8D26A4AD8200B3B226 /* Strings.swift in Sources */,
				D6BF9E1725CE953B000C468C /* Ride.swift in Sources */,
				D699F86525CC41C8001E7577 /* TariffSliderCell.swift in Sources */,
				D6A8FDC125CAE7CA003B3412 /* MapViewController.swift in Sources */,
				D60E48EA25D44F7A00DCB6E7 /* Settings.swift in Sources */,
				D6A8FD5E25CA9658003B3412 /* AccountManager.swift in Sources */,
				D6AFF5C825DE693600CC5CE3 /* DotsField.swift in Sources */,
				D6AFF5C425DE688200CC5CE3 /* PinPadItem.swift in Sources */,
				D6A0E12225CBD92000C8717A /* MapViewModel.swift in Sources */,
				D6BF9DF325CDDEFA000C468C /* User.swift in Sources */,
				D6BF9DF625CDE794000C468C /* CommonCell.swift in Sources */,
				D6BF9E0625CE7995000C468C /* FavoriteDestinationCell.swift in Sources */,
				D699F82E25CC3F7D001E7577 /* TariffCell.swift in Sources */,
				D6A8FD5F25CA9658003B3412 /* Coordinator.swift in Sources */,
				D636C5E025EE10D20004BC02 /* SettingsCoordinator.swift in Sources */,
				D6A8FD5A25CA9650003B3412 /* BaseViewController.swift in Sources */,
				D6A8FD4A25CA95B3003B3412 /* AppDelegate.swift in Sources */,
				D6A8FDC925CAF370003B3412 /* RideOptionsController.swift in Sources */,
				D6A0E11925CB48A000C8717A /* UserService.swift in Sources */,
				D6A8FD8225CA98C1003B3412 /* AuthService.swift in Sources */,
			);
			runOnlyForDeploymentPostprocessing = 0;
		};
		D6B1E36C25E706440066C248 /* Sources */ = {
			isa = PBXSourcesBuildPhase;
			buildActionMask = 2147483647;
			files = (
				D69FEE9826A835A500B3B226 /* LoginViewModelTests.swift in Sources */,
				D6B1E37325E706440066C248 /* faceIdTestTests.swift in Sources */,
				D6D5B124260A0F3A00AE6A04 /* ConfirmCodeViewModelTests.swift in Sources */,
				D6B1E37D25E706540066C248 /* PinTypeTests.swift in Sources */,
				D69FEE9C26A87F2E00B3B226 /* AuthCoordinatorTests.swift in Sources */,
				D69FEE9426A8345100B3B226 /* PinFlowTests.swift in Sources */,
			);
			runOnlyForDeploymentPostprocessing = 0;
		};
		D6C1903126C1AA4100016A2C /* Sources */ = {
			isa = PBXSourcesBuildPhase;
			buildActionMask = 2147483647;
			files = (
				D6C1907526C24D5000016A2C /* Settings.swift in Sources */,
				D6C1903826C1AA4100016A2C /* faceIdTestUITests.swift in Sources */,
				D6C1917026C2C1A700016A2C /* AccountManager.swift in Sources */,
			);
			runOnlyForDeploymentPostprocessing = 0;
		};
/* End PBXSourcesBuildPhase section */

/* Begin PBXTargetDependency section */
		D6B1E37625E706440066C248 /* PBXTargetDependency */ = {
			isa = PBXTargetDependency;
			target = D698B56025C32E05004BAFF6 /* faceIdTest */;
			targetProxy = D6B1E37525E706440066C248 /* PBXContainerItemProxy */;
		};
		D6C1903B26C1AA4100016A2C /* PBXTargetDependency */ = {
			isa = PBXTargetDependency;
			target = D698B56025C32E05004BAFF6 /* faceIdTest */;
			targetProxy = D6C1903A26C1AA4100016A2C /* PBXContainerItemProxy */;
		};
/* End PBXTargetDependency section */

/* Begin PBXVariantGroup section */
		D698B56A25C32E05004BAFF6 /* Main.storyboard */ = {
			isa = PBXVariantGroup;
			children = (
				D698B56B25C32E05004BAFF6 /* Base */,
				D69FEE6826A491C800B3B226 /* es */,
				D69FEE6D26A4934500B3B226 /* ru */,
				D69FEE8326A4AB6500B3B226 /* el */,
			);
			name = Main.storyboard;
			sourceTree = "<group>";
		};
		D698B56F25C32E13004BAFF6 /* LaunchScreen.storyboard */ = {
			isa = PBXVariantGroup;
			children = (
				D698B57025C32E13004BAFF6 /* Base */,
				D69FEE6926A491CA00B3B226 /* es */,
				D69FEE6E26A4934500B3B226 /* ru */,
				D69FEE8426A4AB6500B3B226 /* el */,
			);
			name = LaunchScreen.storyboard;
			sourceTree = "<group>";
		};
		D69FEE5A26A4915100B3B226 /* Localizable.strings */ = {
			isa = PBXVariantGroup;
			children = (
				D69FEE5926A4915100B3B226 /* en */,
				D69FEE6A26A491CA00B3B226 /* es */,
				D69FEE6F26A4934500B3B226 /* ru */,
				D69FEE8526A4AB6600B3B226 /* el */,
			);
			name = Localizable.strings;
			sourceTree = "<group>";
		};
/* End PBXVariantGroup section */

/* Begin XCBuildConfiguration section */
		D698B57325C32E13004BAFF6 /* Debug */ = {
			isa = XCBuildConfiguration;
			buildSettings = {
				ALWAYS_SEARCH_USER_PATHS = NO;
				CLANG_ANALYZER_LOCALIZABILITY_NONLOCALIZED = YES;
				CLANG_ANALYZER_NONNULL = YES;
				CLANG_ANALYZER_NUMBER_OBJECT_CONVERSION = YES_AGGRESSIVE;
				CLANG_CXX_LANGUAGE_STANDARD = "gnu++14";
				CLANG_CXX_LIBRARY = "libc++";
				CLANG_ENABLE_MODULES = YES;
				CLANG_ENABLE_OBJC_ARC = YES;
				CLANG_ENABLE_OBJC_WEAK = YES;
				CLANG_WARN_BLOCK_CAPTURE_AUTORELEASING = YES;
				CLANG_WARN_BOOL_CONVERSION = YES;
				CLANG_WARN_COMMA = YES;
				CLANG_WARN_CONSTANT_CONVERSION = YES;
				CLANG_WARN_DEPRECATED_OBJC_IMPLEMENTATIONS = YES;
				CLANG_WARN_DIRECT_OBJC_ISA_USAGE = YES_ERROR;
				CLANG_WARN_DOCUMENTATION_COMMENTS = YES;
				CLANG_WARN_EMPTY_BODY = YES;
				CLANG_WARN_ENUM_CONVERSION = YES;
				CLANG_WARN_INFINITE_RECURSION = YES;
				CLANG_WARN_INT_CONVERSION = YES;
				CLANG_WARN_NON_LITERAL_NULL_CONVERSION = YES;
				CLANG_WARN_OBJC_IMPLICIT_RETAIN_SELF = YES;
				CLANG_WARN_OBJC_LITERAL_CONVERSION = YES;
				CLANG_WARN_OBJC_ROOT_CLASS = YES_ERROR;
				CLANG_WARN_QUOTED_INCLUDE_IN_FRAMEWORK_HEADER = YES;
				CLANG_WARN_RANGE_LOOP_ANALYSIS = YES;
				CLANG_WARN_STRICT_PROTOTYPES = YES;
				CLANG_WARN_SUSPICIOUS_MOVE = YES;
				CLANG_WARN_UNGUARDED_AVAILABILITY = YES_AGGRESSIVE;
				CLANG_WARN_UNREACHABLE_CODE = YES;
				CLANG_WARN__DUPLICATE_METHOD_MATCH = YES;
				COPY_PHASE_STRIP = NO;
				DEBUG_INFORMATION_FORMAT = dwarf;
				ENABLE_STRICT_OBJC_MSGSEND = YES;
				ENABLE_TESTABILITY = YES;
				GCC_C_LANGUAGE_STANDARD = gnu11;
				GCC_DYNAMIC_NO_PIC = NO;
				GCC_NO_COMMON_BLOCKS = YES;
				GCC_OPTIMIZATION_LEVEL = 0;
				GCC_PREPROCESSOR_DEFINITIONS = (
					"DEBUG=1",
					"$(inherited)",
				);
				GCC_WARN_64_TO_32_BIT_CONVERSION = YES;
				GCC_WARN_ABOUT_RETURN_TYPE = YES_ERROR;
				GCC_WARN_UNDECLARED_SELECTOR = YES;
				GCC_WARN_UNINITIALIZED_AUTOS = YES_AGGRESSIVE;
				GCC_WARN_UNUSED_FUNCTION = YES;
				GCC_WARN_UNUSED_VARIABLE = YES;
				IPHONEOS_DEPLOYMENT_TARGET = 14.2;
				MTL_ENABLE_DEBUG_INFO = INCLUDE_SOURCE;
				MTL_FAST_MATH = YES;
				ONLY_ACTIVE_ARCH = YES;
				SDKROOT = iphoneos;
				SWIFT_ACTIVE_COMPILATION_CONDITIONS = DEBUG;
				SWIFT_OPTIMIZATION_LEVEL = "-Onone";
			};
			name = Debug;
		};
		D698B57425C32E13004BAFF6 /* Release */ = {
			isa = XCBuildConfiguration;
			buildSettings = {
				ALWAYS_SEARCH_USER_PATHS = NO;
				CLANG_ANALYZER_LOCALIZABILITY_NONLOCALIZED = YES;
				CLANG_ANALYZER_NONNULL = YES;
				CLANG_ANALYZER_NUMBER_OBJECT_CONVERSION = YES_AGGRESSIVE;
				CLANG_CXX_LANGUAGE_STANDARD = "gnu++14";
				CLANG_CXX_LIBRARY = "libc++";
				CLANG_ENABLE_MODULES = YES;
				CLANG_ENABLE_OBJC_ARC = YES;
				CLANG_ENABLE_OBJC_WEAK = YES;
				CLANG_WARN_BLOCK_CAPTURE_AUTORELEASING = YES;
				CLANG_WARN_BOOL_CONVERSION = YES;
				CLANG_WARN_COMMA = YES;
				CLANG_WARN_CONSTANT_CONVERSION = YES;
				CLANG_WARN_DEPRECATED_OBJC_IMPLEMENTATIONS = YES;
				CLANG_WARN_DIRECT_OBJC_ISA_USAGE = YES_ERROR;
				CLANG_WARN_DOCUMENTATION_COMMENTS = YES;
				CLANG_WARN_EMPTY_BODY = YES;
				CLANG_WARN_ENUM_CONVERSION = YES;
				CLANG_WARN_INFINITE_RECURSION = YES;
				CLANG_WARN_INT_CONVERSION = YES;
				CLANG_WARN_NON_LITERAL_NULL_CONVERSION = YES;
				CLANG_WARN_OBJC_IMPLICIT_RETAIN_SELF = YES;
				CLANG_WARN_OBJC_LITERAL_CONVERSION = YES;
				CLANG_WARN_OBJC_ROOT_CLASS = YES_ERROR;
				CLANG_WARN_QUOTED_INCLUDE_IN_FRAMEWORK_HEADER = YES;
				CLANG_WARN_RANGE_LOOP_ANALYSIS = YES;
				CLANG_WARN_STRICT_PROTOTYPES = YES;
				CLANG_WARN_SUSPICIOUS_MOVE = YES;
				CLANG_WARN_UNGUARDED_AVAILABILITY = YES_AGGRESSIVE;
				CLANG_WARN_UNREACHABLE_CODE = YES;
				CLANG_WARN__DUPLICATE_METHOD_MATCH = YES;
				COPY_PHASE_STRIP = NO;
				DEBUG_INFORMATION_FORMAT = "dwarf-with-dsym";
				ENABLE_NS_ASSERTIONS = NO;
				ENABLE_STRICT_OBJC_MSGSEND = YES;
				GCC_C_LANGUAGE_STANDARD = gnu11;
				GCC_NO_COMMON_BLOCKS = YES;
				GCC_WARN_64_TO_32_BIT_CONVERSION = YES;
				GCC_WARN_ABOUT_RETURN_TYPE = YES_ERROR;
				GCC_WARN_UNDECLARED_SELECTOR = YES;
				GCC_WARN_UNINITIALIZED_AUTOS = YES_AGGRESSIVE;
				GCC_WARN_UNUSED_FUNCTION = YES;
				GCC_WARN_UNUSED_VARIABLE = YES;
				IPHONEOS_DEPLOYMENT_TARGET = 14.2;
				MTL_ENABLE_DEBUG_INFO = NO;
				MTL_FAST_MATH = YES;
				SDKROOT = iphoneos;
				SWIFT_COMPILATION_MODE = wholemodule;
				SWIFT_OPTIMIZATION_LEVEL = "-O";
				VALIDATE_PRODUCT = YES;
			};
			name = Release;
		};
		D698B57625C32E13004BAFF6 /* Debug */ = {
			isa = XCBuildConfiguration;
			baseConfigurationReference = 3E8E742D25245E936DAF5105 /* Pods-faceIdTest.debug.xcconfig */;
			buildSettings = {
				ASSETCATALOG_COMPILER_APPICON_NAME = AppIcon;
				ASSETCATALOG_COMPILER_GLOBAL_ACCENT_COLOR_NAME = AccentColor;
				CODE_SIGN_STYLE = Automatic;
				DEVELOPMENT_TEAM = 5W9LV3GHQ6;
				INFOPLIST_FILE = faceIdTest/Info.plist;
				IPHONEOS_DEPLOYMENT_TARGET = 13.0;
				LD_RUNPATH_SEARCH_PATHS = (
					"$(inherited)",
					"@executable_path/Frameworks",
				);
				PRODUCT_BUNDLE_IDENTIFIER = ru.agima.taxitest;
				PRODUCT_NAME = "$(TARGET_NAME)";
				SWIFT_VERSION = 5.0;
				TARGETED_DEVICE_FAMILY = "1,2";
			};
			name = Debug;
		};
		D698B57725C32E13004BAFF6 /* Release */ = {
			isa = XCBuildConfiguration;
			baseConfigurationReference = 282C177B8A8C25DCD5827426 /* Pods-faceIdTest.release.xcconfig */;
			buildSettings = {
				ASSETCATALOG_COMPILER_APPICON_NAME = AppIcon;
				ASSETCATALOG_COMPILER_GLOBAL_ACCENT_COLOR_NAME = AccentColor;
				CODE_SIGN_STYLE = Automatic;
				DEVELOPMENT_TEAM = 5W9LV3GHQ6;
				INFOPLIST_FILE = faceIdTest/Info.plist;
				IPHONEOS_DEPLOYMENT_TARGET = 13.0;
				LD_RUNPATH_SEARCH_PATHS = (
					"$(inherited)",
					"@executable_path/Frameworks",
				);
				PRODUCT_BUNDLE_IDENTIFIER = ru.agima.taxitest;
				PRODUCT_NAME = "$(TARGET_NAME)";
				SWIFT_VERSION = 5.0;
				TARGETED_DEVICE_FAMILY = "1,2";
			};
			name = Release;
		};
		D6B1E37725E706440066C248 /* Debug */ = {
			isa = XCBuildConfiguration;
			baseConfigurationReference = 84C09ACFBB74D0ABF63B1FAF /* Pods-faceIdTestTests.debug.xcconfig */;
			buildSettings = {
				BUNDLE_LOADER = "$(TEST_HOST)";
				CODE_SIGN_STYLE = Automatic;
				INFOPLIST_FILE = faceIdTestTests/Info.plist;
				LD_RUNPATH_SEARCH_PATHS = (
					"$(inherited)",
					"@executable_path/Frameworks",
					"@loader_path/Frameworks",
				);
				PRODUCT_BUNDLE_IDENTIFIER = ru.agima.faceIdTestTests;
				PRODUCT_NAME = "$(TARGET_NAME)";
				SWIFT_VERSION = 5.0;
				TARGETED_DEVICE_FAMILY = "1,2";
				TEST_HOST = "$(BUILT_PRODUCTS_DIR)/faceIdTest.app/faceIdTest";
			};
			name = Debug;
		};
		D6B1E37825E706440066C248 /* Release */ = {
			isa = XCBuildConfiguration;
			baseConfigurationReference = 1C5BBA63F1322EE676B1258B /* Pods-faceIdTestTests.release.xcconfig */;
			buildSettings = {
				BUNDLE_LOADER = "$(TEST_HOST)";
				CODE_SIGN_STYLE = Automatic;
				INFOPLIST_FILE = faceIdTestTests/Info.plist;
				LD_RUNPATH_SEARCH_PATHS = (
					"$(inherited)",
					"@executable_path/Frameworks",
					"@loader_path/Frameworks",
				);
				PRODUCT_BUNDLE_IDENTIFIER = ru.agima.faceIdTestTests;
				PRODUCT_NAME = "$(TARGET_NAME)";
				SWIFT_VERSION = 5.0;
				TARGETED_DEVICE_FAMILY = "1,2";
				TEST_HOST = "$(BUILT_PRODUCTS_DIR)/faceIdTest.app/faceIdTest";
			};
			name = Release;
		};
		D6C1903C26C1AA4100016A2C /* Debug */ = {
			isa = XCBuildConfiguration;
			baseConfigurationReference = 17C33B70A6557510345D2C0A /* Pods-faceIdTestUITests.debug.xcconfig */;
			buildSettings = {
				CODE_SIGN_STYLE = Automatic;
				DEVELOPMENT_TEAM = C6S6ATT56J;
				INFOPLIST_FILE = faceIdTestUITests/Info.plist;
				LD_RUNPATH_SEARCH_PATHS = (
					"$(inherited)",
					"@executable_path/Frameworks",
					"@loader_path/Frameworks",
				);
				PRODUCT_BUNDLE_IDENTIFIER = com.ivedeneev.faceIdTestUITests;
				PRODUCT_NAME = "$(TARGET_NAME)";
				SWIFT_VERSION = 5.0;
				TARGETED_DEVICE_FAMILY = "1,2";
				TEST_TARGET_NAME = faceIdTest;
			};
			name = Debug;
		};
		D6C1903D26C1AA4100016A2C /* Release */ = {
			isa = XCBuildConfiguration;
			baseConfigurationReference = 4716E0F11C83CA7472B36B94 /* Pods-faceIdTestUITests.release.xcconfig */;
			buildSettings = {
				CODE_SIGN_STYLE = Automatic;
				DEVELOPMENT_TEAM = C6S6ATT56J;
				INFOPLIST_FILE = faceIdTestUITests/Info.plist;
				LD_RUNPATH_SEARCH_PATHS = (
					"$(inherited)",
					"@executable_path/Frameworks",
					"@loader_path/Frameworks",
				);
				PRODUCT_BUNDLE_IDENTIFIER = com.ivedeneev.faceIdTestUITests;
				PRODUCT_NAME = "$(TARGET_NAME)";
				SWIFT_VERSION = 5.0;
				TARGETED_DEVICE_FAMILY = "1,2";
				TEST_TARGET_NAME = faceIdTest;
			};
			name = Release;
		};
/* End XCBuildConfiguration section */

/* Begin XCConfigurationList section */
		D698B55C25C32E05004BAFF6 /* Build configuration list for PBXProject "faceIdTest" */ = {
			isa = XCConfigurationList;
			buildConfigurations = (
				D698B57325C32E13004BAFF6 /* Debug */,
				D698B57425C32E13004BAFF6 /* Release */,
			);
			defaultConfigurationIsVisible = 0;
			defaultConfigurationName = Release;
		};
		D698B57525C32E13004BAFF6 /* Build configuration list for PBXNativeTarget "faceIdTest" */ = {
			isa = XCConfigurationList;
			buildConfigurations = (
				D698B57625C32E13004BAFF6 /* Debug */,
				D698B57725C32E13004BAFF6 /* Release */,
			);
			defaultConfigurationIsVisible = 0;
			defaultConfigurationName = Release;
		};
		D6B1E37925E706440066C248 /* Build configuration list for PBXNativeTarget "faceIdTestTests" */ = {
			isa = XCConfigurationList;
			buildConfigurations = (
				D6B1E37725E706440066C248 /* Debug */,
				D6B1E37825E706440066C248 /* Release */,
			);
			defaultConfigurationIsVisible = 0;
			defaultConfigurationName = Release;
		};
		D6C1903E26C1AA4100016A2C /* Build configuration list for PBXNativeTarget "faceIdTestUITests" */ = {
			isa = XCConfigurationList;
			buildConfigurations = (
				D6C1903C26C1AA4100016A2C /* Debug */,
				D6C1903D26C1AA4100016A2C /* Release */,
			);
			defaultConfigurationIsVisible = 0;
			defaultConfigurationName = Release;
		};
/* End XCConfigurationList section */
	};
	rootObject = D698B55925C32E05004BAFF6 /* Project object */;
}
